<?xml version="1.0" encoding="utf-8"?>
<Project ToolsVersion="4.0" xmlns="http://schemas.microsoft.com/developer/msbuild/2003">
  <ItemGroup>
    <FxCompile Include="Resources\Shaders\PostEffect\Copy\PostEffectCopy_VS.hlsl" />
    <FxCompile Include="Resources\Shaders\Rasterization\DFDraw2d\DFDraw2d_PS.hlsl" />
    <FxCompile Include="Resources\Shaders\Rasterization\DFDraw2d\DFDraw2d_VS.hlsl" />
    <FxCompile Include="Resources\Shaders\Rasterization\DFDraw3d\DFDraw3d_PS.hlsl" />
    <FxCompile Include="Resources\Shaders\Rasterization\DFDraw3d\DFDraw3d_VS.hlsl" />
    <FxCompile Include="Resources\Shaders\Rasterization\Line3d\LineDraw3d_PS.hlsl" />
    <FxCompile Include="Resources\Shaders\Rasterization\Line3d\LineDraw3d_VS.hlsl" />
    <FxCompile Include="Resources\Shaders\RayTracing\triangleShader.hlsl" />
  </ItemGroup>
  <ItemGroup>
    <ClCompile Include="App\GameManager\GameManager.cpp" />
    <ClCompile Include="App\GameObject\Component\AttackPower\AttackPower.cpp" />
    <ClCompile Include="App\GameObject\Enemy\BaseEnemy.cpp" />
    <ClCompile Include="App\GameObject\Enemy\Boss\BakugekiSnipe\BakugekiSnipeBossEnemy.cpp" />
    <ClCompile Include="App\GameObject\Enemy\Boss\BakugekiSnipe\BakugekiSnipeBossEnemyBullet1.cpp" />
    <ClCompile Include="App\GameObject\Enemy\Boss\BakugekiSnipe\BakugekiSnipeBossEnemyBullet2.cpp" />
    <ClCompile Include="App\GameObject\Enemy\Boss\BaseBossEnemy.cpp" />
    <ClCompile Include="App\GameObject\Enemy\Boss\BaseBossEnemyBullet.cpp" />
    <ClCompile Include="App\GameObject\Enemy\Boss\Behavior\BossEnemyAttack.cpp" />
    <ClCompile Include="App\GameObject\Enemy\Boss\Behavior\BossEnemyIsEnraged.cpp" />
    <ClCompile Include="App\GameObject\Enemy\Boss\Behavior\BossEnemyIsPlayerInAttackRange.cpp" />
    <ClCompile Include="App\GameObject\Enemy\Boss\Behavior\BossEnemyIsPlayerInRange.cpp" />
    <ClCompile Include="App\GameObject\Enemy\Boss\Behavior\BossEnemyTracking.cpp" />
    <ClCompile Include="App\GameObject\Enemy\EnemyHPGauge.cpp" />
    <ClCompile Include="App\GameObject\Enemy\EnemyManager.cpp" />
    <ClCompile Include="App\GameObject\Enemy\Normal\BaseNormalEnemy.cpp" />
    <ClCompile Include="App\GameObject\Enemy\Normal\Behavior\NormalEnemyAttack.cpp" />
    <ClCompile Include="App\GameObject\Enemy\Normal\Behavior\NormalEnemyIsCool.cpp" />
    <ClCompile Include="App\GameObject\Enemy\Normal\Behavior\NormalEnemyIsPlayerInAttackRange.cpp" />
    <ClCompile Include="App\GameObject\Enemy\Normal\Behavior\NormalEnemyIsPlayerInRange.cpp" />
    <ClCompile Include="App\GameObject\Enemy\Normal\Behavior\NormalEnemyNoneBehavior.cpp" />
    <ClCompile Include="App\GameObject\Enemy\Normal\Behavior\NormalEnemyTracking.cpp" />
    <ClCompile Include="App\GameObject\Enemy\Normal\Cannon\CannonNormalEnemy.cpp" />
    <ClCompile Include="App\GameObject\Enemy\Normal\Cannon\CannonNormalEnemy1Bullet.cpp" />
    <ClCompile Include="App\GameObject\Enemy\Normal\Donut\DonutNormalEnemy.cpp" />
    <ClCompile Include="App\GameObject\Enemy\Normal\Donut\DonutNormalEnemyBullet.cpp" />
    <ClCompile Include="App\GameObject\Enemy\Normal\Gun\GunNormalEnemy.cpp" />
    <ClCompile Include="App\GameObject\Enemy\Normal\Gun\GunNormalEnemyBullet.cpp" />
    <ClCompile Include="App\GameObject\Enemy\Normal\Stalker\StalkerEnemyBullet.cpp" />
    <ClCompile Include="App\GameObject\Enemy\Normal\Stalker\StalkerNormalEnemy.cpp" />
    <ClCompile Include="App\GameObject\EnvironmentObject\EnvironmentObject.cpp" />
    <ClCompile Include="App\GameObject\Item\AttackPickup\AttackPickupItem.cpp" />
    <ClCompile Include="App\GameObject\Item\Heal\HealItem.cpp" />
    <ClCompile Include="App\GameObject\Player\Attack\High\Field\HighAttack_Field.cpp" />
    <ClCompile Include="App\GameObject\Player\Attack\High\Normal\HighAttack_Normal.cpp" />
    <ClCompile Include="App\GameObject\Player\Attack\High\Normal\HighAttack_NormalBullet.cpp" />
    <ClCompile Include="App\GameObject\Player\Attack\Low\Back\LowAttack_Back.cpp" />
    <ClCompile Include="App\GameObject\Player\Attack\Low\Back\LowAttack_BackBullet.cpp" />
    <ClCompile Include="App\GameObject\Player\Attack\Low\Normal\LowAttack_Normal.cpp" />
    <ClCompile Include="App\GameObject\Player\Attack\Low\Normal\LowAttack_NormalBullet.cpp" />
    <ClCompile Include="App\GameObject\Player\Attack\Special\Normal\SpecialAttack_Normal.cpp" />
    <ClCompile Include="App\GameObject\Player\Attack\Special\Normal\SpecialAttack_NormalBullet.cpp" />
    <ClCompile Include="App\GameObject\Player\Attack\Interface\IPlayerBullet.cpp" />
    <ClCompile Include="App\GameObject\Player\Attack\Special\Power\SpecialAttack_Power.cpp" />
    <ClCompile Include="App\GameObject\Player\Attack\Special\Power\SpecialAttack_PowerBullet.cpp" />
    <ClCompile Include="App\GameObject\Player\Command\Attack\Basic\PlayerBasicAttackCommand.cpp" />
    <ClCompile Include="App\GameObject\Player\Command\Attack\Signature\PlayerSignatureAttackCommand.cpp" />
    <ClCompile Include="App\GameObject\Player\Command\Attack\Standard\PlayerStandardAttackCommand.cpp" />
    <ClCompile Include="App\GameObject\Player\Camera\PlayerCamera.cpp" />
    <ClCompile Include="App\GameObject\Player\Command\Dash\PlayerDashCommand.cpp" />
    <ClCompile Include="App\GameObject\Player\Command\Move\Key\PlayerKeyMoveCommand.cpp" />
    <ClCompile Include="App\GameObject\Player\Command\Move\Pad\PlayerPadMoveCommand.cpp" />
    <ClCompile Include="App\GameObject\Player\Command\PlayerCommandHandler.cpp" />
    <ClCompile Include="App\GameObject\Player\Attack\Interface\IMagicAttack.cpp" />
    <ClCompile Include="App\GameObject\Player\Core\Dash\PlayerDashFunc.cpp" />
    <ClCompile Include="App\GameObject\Player\Core\Invincible\PlayerInvincibleFunc.cpp" />
    <ClCompile Include="App\GameObject\Player\Core\Move\PlayerMoveFunc.cpp" />
    <ClCompile Include="App\GameObject\Player\Core\playerCore.cpp" />
    <ClCompile Include="App\GameObject\Component\Hp\HealthComponent.cpp" />
    <ClCompile Include="App\GameObject\Player\PlayerManager.cpp" />
    <ClCompile Include="App\GameObject\Player\Attack\Manager\PlayerBulletManager.cpp" />
    <ClCompile Include="App\GameObject\Player\SkillUI\BG\PlayerSkillUI_BG.cpp" />
    <ClCompile Include="App\GameObject\Player\SkillUI\High\Field\PlayerSkillUI_HighField.cpp" />
    <ClCompile Include="App\GameObject\Player\SkillUI\High\Normal\PlayerSkillUI_HighNormal.cpp" />
    <ClCompile Include="App\GameObject\Player\SkillUI\Low\Back\PlayerSkillUI_LowBack.cpp" />
    <ClCompile Include="App\GameObject\Player\SkillUI\Low\Normal\PlayerSkillUI_LowNormal.cpp" />
    <ClCompile Include="App\GameObject\Player\SkillUI\PlayerSkillUI_Manager.cpp" />
    <ClCompile Include="App\GameObject\Player\SkillUI\Special\Norml\PlayerSkillUI_SpecialNormal.cpp" />
    <ClCompile Include="App\GameObject\Player\SkillUI\Special\Power\PlayerSkillUI_SpecialPower.cpp" />
    <ClCompile Include="App\GameObject\UI\GameLowAttackUI.cpp" />
    <ClCompile Include="App\GameObject\UI\GameSkillBackUI.cpp" />
    <ClCompile Include="App\GameObject\UI\state\PlayState.cpp" />
    <ClCompile Include="App\GameObject\UI\TestUI.cpp" />
    <ClCompile Include="App\GameObject\Wall\Wall.cpp" />
    <ClCompile Include="App\GameObject\Wall\WallManager.cpp" />
    <ClCompile Include="App\Scene\DebugSelectScene.cpp" />
    <ClCompile Include="App\Scene\EnemyDebugScene.cpp" />
    <ClCompile Include="App\Scene\GameClearScene.cpp" />
    <ClCompile Include="App\Scene\GameOverScene.cpp" />
    <ClCompile Include="App\Scene\GameScene.cpp" />
    <ClCompile Include="App\Scene\IScene.cpp" />
    <ClCompile Include="App\Scene\SelectScene.cpp" />
    <ClCompile Include="App\Scene\TitleScene.cpp" />
    <ClCompile Include="App\GameObject\Enemy\Boss\Behavior\BossEnemyIsPlayerInAttackRange.cpp" />
    <ClCompile Include="App\GameObject\Player\Attack\Special\Power\SpecialAttack_PowerBullet.cpp" />
    <ClCompile Include="App\GameObject\Player\Attack\Special\Power\SpecialAttack_Power.cpp" />
    <ClCompile Include="App\GameObject\Enemy\BaseEnemy.cpp" />
    <ClCompile Include="App\GameObject\Enemy\EnemyHPGauge.cpp" />
    <ClCompile Include="App\GameObject\Player\Attack\High\Field\HighAttack_Field.cpp" />
    <ClCompile Include="App\GameObject\Player\Attack\High\Field\HighAttack_FieldBullet.cpp" />
    <ClCompile Include="App\GameObject\EditorObject\ABotton\ABotton.cpp" />
    <ClCompile Include="App\Util\SceneChangeAnim.cpp" />
    <ClCompile Include="App\Util\SceneLoader.cpp" />
    <ClCompile Include="App\Util\UtilFunc.cpp" />
    <ClCompile Include="App\GameObject\Item\Manager\ItemManager.cpp" />
    <ClCompile Include="App\GameObject\Player\Attack\High\Field\HighAttack_FieldBullet.cpp" />
    <ClCompile Include="main.cpp" />
    <ClCompile Include="App\GameObject\Player\SkillUI\Low\Normal\PlayerSkillUI_LowNormal.cpp" />
    <ClCompile Include="App\GameObject\Player\SkillUI\Low\Back\PlayerSkillUI_LowBack.cpp" />
    <ClCompile Include="App\GameObject\Player\SkillUI\High\Normal\PlayerSkillUI_HighNormal.cpp" />
    <ClCompile Include="App\GameObject\Player\SkillUI\High\Field\PlayerSkillUI_HighField.cpp" />
    <ClCompile Include="App\GameObject\Player\SkillUI\Special\Norml\PlayerSkillUI_SpecialNormal.cpp" />
    <ClCompile Include="App\GameObject\Player\SkillUI\Special\Power\PlayerSkillUI_SpecialPower.cpp" />
    <ClCompile Include="App\GameObject\Player\SkillUI\BG\PlayerSkillUI_BG.cpp" />
    <ClCompile Include="App\GameObject\Player\SkillUI\PlayerSkillUI_Manager.cpp" />
    <ClCompile Include="App\GameObject\Player\HPUI\PlayerHpUI.cpp" />
    <ClCompile Include="App\GameObject\GameOver\Camera\GameOverCamera.cpp" />
  </ItemGroup>
  <ItemGroup>
    <ClInclude Include="App\GameManager\GameManager.h" />
    <ClInclude Include="App\GameObject\Component\AttackPower\AttackPower.h" />
    <ClInclude Include="App\GameObject\Component\Hp\HealthComponent.h" />
    <ClInclude Include="App\GameObject\Enemy\BaseEnemy.h" />
    <ClInclude Include="App\GameObject\Enemy\Boss\BakugekiSnipe\BakugekiSnipeBossEnemy.h" />
    <ClInclude Include="App\GameObject\Enemy\Boss\BakugekiSnipe\BakugekiSnipeBossEnemyBullet1.h" />
    <ClInclude Include="App\GameObject\Enemy\Boss\BakugekiSnipe\BakugekiSnipeBossEnemyBullet2.h" />
    <ClInclude Include="App\GameObject\Enemy\Boss\BaseBossEnemy.h" />
    <ClInclude Include="App\GameObject\Enemy\Boss\BaseBossEnemyBullet.h" />
    <ClInclude Include="App\GameObject\Enemy\Boss\Behavior\BossEnemyAttack.h" />
    <ClInclude Include="App\GameObject\Enemy\Boss\Behavior\BossEnemyBehaviorNode.h" />
    <ClInclude Include="App\GameObject\Enemy\Boss\Behavior\BossEnemyIsEnraged.h" />
    <ClInclude Include="App\GameObject\Enemy\Boss\Behavior\BossEnemyIsPlayerInAttackRange.h" />
    <ClInclude Include="App\GameObject\Enemy\Boss\Behavior\BossEnemyIsPlayerInRange.h" />
    <ClInclude Include="App\GameObject\Enemy\Boss\Behavior\BossEnemyRandomAttackSelector.h" />
    <ClInclude Include="App\GameObject\Enemy\Boss\Behavior\BossEnemySelector.h" />
    <ClInclude Include="App\GameObject\Enemy\Boss\Behavior\BossEnemySequence.h" />
    <ClInclude Include="App\GameObject\Enemy\Boss\Behavior\BossEnemyTracking.h" />
    <ClInclude Include="App\GameObject\Enemy\Boss\BossEnemyCondition.h" />
    <ClInclude Include="App\GameObject\Enemy\EnemyHPGauge.h" />
    <ClInclude Include="App\GameObject\Enemy\EnemyManager.h" />
    <ClInclude Include="App\GameObject\Enemy\EnemyNodeState.h" />
    <ClInclude Include="App\GameObject\Enemy\EnemyParameter.h" />
    <ClInclude Include="App\GameObject\Enemy\Normal\BaseNormalEnemy.h" />
    <ClInclude Include="App\GameObject\Enemy\Normal\BaseNormalEnemyBullet.h" />
    <ClInclude Include="App\GameObject\Enemy\Normal\Behavior\NormalEnemyAttack.h" />
    <ClInclude Include="App\GameObject\Enemy\Normal\Behavior\NormalEnemyBehaviorNode.h" />
    <ClInclude Include="App\GameObject\Enemy\Normal\Behavior\NormalEnemyCondition.h" />
    <ClInclude Include="App\GameObject\Enemy\Normal\Behavior\NormalEnemyIsCool.h" />
    <ClInclude Include="App\GameObject\Enemy\Normal\Behavior\NormalEnemyIsPlayerInAttackRange.h" />
    <ClInclude Include="App\GameObject\Enemy\Normal\Behavior\NormalEnemyIsPlayerInRange.h" />
    <ClInclude Include="App\GameObject\Enemy\Normal\Behavior\NormalEnemyNoneBehavior.h" />
    <ClInclude Include="App\GameObject\Enemy\Normal\Behavior\NormalEnemySelector.h" />
    <ClInclude Include="App\GameObject\Enemy\Normal\Behavior\NormalEnemySequence.h" />
    <ClInclude Include="App\GameObject\Enemy\Normal\Behavior\NormalEnemyTracking.h" />
    <ClInclude Include="App\GameObject\Enemy\Normal\Cannon\CannonNormalEnemy.h" />
    <ClInclude Include="App\GameObject\Enemy\Normal\Cannon\CannonNormalEnemy1Bullet.h" />
    <ClInclude Include="App\GameObject\Enemy\Normal\Donut\DonutNormalEnemy.h" />
    <ClInclude Include="App\GameObject\Enemy\Normal\Donut\DonutNormalEnemyBullet.h" />
    <ClInclude Include="App\GameObject\Enemy\Normal\Gun\GunNormalEnemy.h" />
    <ClInclude Include="App\GameObject\Enemy\Normal\Gun\GunNormalEnemyBullet.h" />
    <ClInclude Include="App\GameObject\Enemy\Normal\Stalker\StalkerEnemyBullet.h" />
    <ClInclude Include="App\GameObject\Enemy\Normal\Stalker\StalkerNormalEnemy.h" />
    <ClInclude Include="App\GameObject\EnvironmentObject\EnvironmentObject.h" />
    <ClInclude Include="App\GameObject\Item\AttackPickup\AttackPickupItem.h" />
    <ClInclude Include="App\GameObject\Item\Heal\HealItem.h" />
    <ClInclude Include="App\GameObject\Item\Interface\IItem.h" />
    <ClInclude Include="App\GameObject\Player\Attack\High\Field\HighAttack_Field.h" />
    <ClInclude Include="App\GameObject\Player\Attack\High\Normal\HighAttack_Normal.h" />
    <ClInclude Include="App\GameObject\Player\Attack\High\Normal\HighAttack_NormalBullet.h" />
    <ClInclude Include="App\GameObject\Player\Attack\Low\Back\LowAttack_Back.h" />
    <ClInclude Include="App\GameObject\Player\Attack\Low\Back\LowAttack_BackBullet.h" />
    <ClInclude Include="App\GameObject\Player\Attack\Low\Normal\LowAttack_Normal.h" />
    <ClInclude Include="App\GameObject\Player\Attack\Low\Normal\LowAttack_NormalBullet.h" />
    <ClInclude Include="App\GameObject\Player\Attack\Special\Normal\SpecialAttack_Normal.h" />
    <ClInclude Include="App\GameObject\Player\Attack\Special\Normal\SpecialAttack_NormalBullet.h" />
    <ClInclude Include="App\GameObject\Player\Attack\Manager\PlayerBulletManager.h" />
    <ClInclude Include="App\GameObject\Player\Attack\Interface\IPlayerBullet.h" />
    <ClInclude Include="App\GameObject\Player\Attack\Interface\IMagicAttack.h" />
    <ClInclude Include="App\GameObject\Player\Attack\Special\Power\SpecialAttack_Power.h" />
    <ClInclude Include="App\GameObject\Player\Attack\Special\Power\SpecialAttack_PowerBullet.h" />
    <ClInclude Include="App\GameObject\Player\Camera\PlayerCamera.h" />
    <ClInclude Include="App\GameObject\Player\Command\Attack\Basic\PlayerBasicAttackCommand.h" />
    <ClInclude Include="App\GameObject\Player\Command\Attack\Signature\PlayerSignatureAttackCommand.h" />
    <ClInclude Include="App\GameObject\Player\Command\Attack\Standard\PlayerStandardAttackCommand.h" />
    <ClInclude Include="App\GameObject\Player\Command\Dash\PlayerDashCommand.h" />
    <ClInclude Include="App\GameObject\Player\Command\Interface\IPlayerCommand.h" />
    <ClInclude Include="App\GameObject\Player\Command\Move\Key\PlayerKeyMoveCommand.h" />
    <ClInclude Include="App\GameObject\Player\Command\Move\Pad\PlayerPadMoveCommand.h" />
    <ClInclude Include="App\GameObject\Player\Command\PlayerCommandHandler.h" />
    <ClInclude Include="App\GameObject\Player\Core\Dash\PlayerDashFunc.h" />
    <ClInclude Include="App\GameObject\Player\Core\Invincible\PlayerInvincibleFunc.h" />
    <ClInclude Include="App\GameObject\Player\Core\Move\PlayerMoveFunc.h" />
    <ClInclude Include="App\GameObject\Player\Core\playerCore.h" />
    <ClInclude Include="App\GameObject\Player\Helper\PlayerHelper.h" />
    <ClInclude Include="App\GameObject\Player\PlayerManager.h" />
    <ClInclude Include="App\GameObject\Player\SkillUI\BG\PlayerSkillUI_BG.h" />
    <ClInclude Include="App\GameObject\Player\SkillUI\High\Field\PlayerSkillUI_HighField.h" />
    <ClInclude Include="App\GameObject\Player\SkillUI\High\Normal\PlayerSkillUI_HighNormal.h" />
    <ClInclude Include="App\GameObject\Player\SkillUI\IPlayerSkillUI.h" />
    <ClInclude Include="App\GameObject\Player\SkillUI\Low\Back\PlayerSkillUI_LowBack.h" />
    <ClInclude Include="App\GameObject\Player\SkillUI\Low\Normal\PlayerSkillUI_LowNormal.h" />
    <ClInclude Include="App\GameObject\Player\SkillUI\PlayerSkillUI_Manager.h" />
    <ClInclude Include="App\GameObject\Player\SkillUI\Special\Norml\PlayerSkillUI_SpecialNormal.h" />
    <ClInclude Include="App\GameObject\Player\SkillUI\Special\Power\PlayerSkillUI_SpecialPower.h" />
    <ClInclude Include="App\GameObject\UI\GameLowAttackUI.h" />
    <ClInclude Include="App\GameObject\UI\GameUIBase.h" />
    <ClInclude Include="App\GameObject\UI\state\IuiState.h" />
    <ClInclude Include="App\GameObject\UI\state\PlayState.h" />
    <ClInclude Include="App\GameObject\UI\TestUI.h" />
    <ClInclude Include="App\GameObject\UI\GameSkillBackUI.h" />
    <ClInclude Include="App\GameObject\Wall\Wall.h" />
    <ClInclude Include="App\GameObject\Wall\WallManager.h" />
    <ClInclude Include="App\Scene\GameClearScene.h" />
    <ClInclude Include="App\Scene\EnemyDebugScene.h" />
    <ClInclude Include="App\Scene\GameOverScene.h" />
    <ClInclude Include="App\Scene\GameScene.h" />
    <ClInclude Include="App\Scene\IScene.h" />
    <ClInclude Include="App\Scene\DebugSelectScene.h" />
    <ClInclude Include="App\Scene\SelectScene.h" />
    <ClInclude Include="App\Scene\TitleScene.h" />
    <ClInclude Include="App\GameObject\Enemy\BaseEnemy.h" />
    <ClInclude Include="App\GameObject\Enemy\EnemyHPGauge.h" />
    <ClInclude Include="App\GameObject\Player\Attack\High\Field\HighAttack_Field.h" />
    <ClInclude Include="App\GameObject\Player\Attack\High\Field\HighAttack_FieldBullet.h" />
    <ClInclude Include="App\GameObject\EditorObject\ABotton\ABotton.h" />
    <ClInclude Include="App\Util\SceneChangeAnim.h" />
    <ClInclude Include="App\Util\SceneLoader.h" />
    <ClInclude Include="App\Util\UtilFunc.h" />
    <ClInclude Include="App\GameObject\Item\Manager\ItemManager.h" />
    <ClInclude Include="App\GameObject\Player\Attack\High\Field\HighAttack_FieldBullet.h" />
    <ClInclude Include="App\GameObject\Player\SkillUI\IPlayerSkillUI.h" />
    <ClInclude Include="App\GameObject\Player\SkillUI\Low\Normal\PlayerSkillUI_LowNormal.h" />
    <ClInclude Include="App\GameObject\Player\SkillUI\Low\Back\PlayerSkillUI_LowBack.h" />
    <ClInclude Include="App\GameObject\Player\SkillUI\High\Normal\PlayerSkillUI_HighNormal.h" />
    <ClInclude Include="App\GameObject\Player\SkillUI\High\Field\PlayerSkillUI_HighField.h" />
    <ClInclude Include="App\GameObject\Player\SkillUI\Special\Norml\PlayerSkillUI_SpecialNormal.h" />
    <ClInclude Include="App\GameObject\Player\SkillUI\Special\Power\PlayerSkillUI_SpecialPower.h" />
    <ClInclude Include="App\GameObject\Player\SkillUI\BG\PlayerSkillUI_BG.h" />
    <ClInclude Include="App\GameObject\Player\SkillUI\PlayerSkillUI_Manager.h" />
    <ClInclude Include="App\GameObject\Player\HPUI\PlayerHpUI.h" />
    <ClInclude Include="App\GameObject\Player\HPUI\PlayerHpUI_Heart.h" />
    <ClInclude Include="App\GameObject\Player\HPUI\PlayerHpUI_Frame.h" />
    <ClInclude Include="App\GameObject\Player\HPUI\PlayerHpUI_Gauge.h" />
    <ClInclude Include="App\GameObject\Player\HPUI\IPlayerHpUI.h" />
    <ClInclude Include="App\GameObject\GameOver\Camera\GameOverCamera.h" />
  </ItemGroup>
  <ItemGroup>
    <None Include="Resources\Shaders\Common\Camera.hlsli" />
    <None Include="Resources\Shaders\Common\DirectionLight.hlsli" />
    <None Include="Resources\Shaders\Common\WtTransform.hlsli" />
    <None Include="Resources\Shaders\Common\Vert.hlsli" />
    <None Include="Resources\Shaders\PostEffect\Copy\PostEffectCopy_InOut.hlsli" />
    <None Include="Resources\Shaders\PostEffect\Copy\PostEffectCopy_PS_Output.hlsli" />
    <None Include="Resources\Shaders\Rasterization\Line3d\LineDraw.hlsli" />
    <None Include="Resources\Shaders\Rasterization\Ps_OutPut.hlsli" />
    <None Include="Resources\Shaders\Rasterization\Vs_InOut.hlsli" />
  </ItemGroup>
</Project>