<?xml version="1.0" encoding="utf-8"?>
<Project ToolsVersion="4.0" xmlns="http://schemas.microsoft.com/developer/msbuild/2003">
  <ItemGroup>
    <FxCompile Include="Resources\Shaders\Rasterization\DFDraw3d\DFDraw3d_PS.hlsl" />
    <FxCompile Include="Resources\Shaders\Rasterization\DFDraw3d\DFDraw3d_VS.hlsl" />
    <FxCompile Include="Resources\Shaders\Rasterization\Line3d\LineDraw3d_PS.hlsl" />
    <FxCompile Include="Resources\Shaders\Rasterization\Line3d\LineDraw3d_VS.hlsl" />
    <FxCompile Include="Resources\Shaders\RayTracing\triangleShader.hlsl" />
    <FxCompile Include="Resources\Shaders\Rasterization\DFDraw3d\DFDraw3d_PS.hlsl" />
    <FxCompile Include="Resources\Shaders\Rasterization\DFDraw3d\DFDraw3d_VS.hlsl" />
    <FxCompile Include="Resources\Shaders\Rasterization\Line3d\LineDraw3d_PS.hlsl" />
    <FxCompile Include="Resources\Shaders\Rasterization\Line3d\LineDraw3d_VS.hlsl" />
    <FxCompile Include="Resources\Shaders\RayTracing\triangleShader.hlsl" />
    <FxCompile Include="Resources\Shaders\PostEffect\Copy\PostEffectCopy_VS.hlsl" />
    <FxCompile Include="Resources\Shaders\Rasterization\DFDraw2d\DFDraw2d_VS.hlsl" />
    <FxCompile Include="Resources\Shaders\Rasterization\DFDraw2d\DFDraw2d_PS.hlsl" />
  </ItemGroup>
  <ItemGroup>
    <ClCompile Include="App\GameManager\GameManager.cpp" />
    <ClCompile Include="App\GameObject\EnvironmentObject\EnvironmentObject.cpp" />
    <ClCompile Include="App\Scene\EnemyDebugScene.cpp" />
    <ClCompile Include="App\Scene\GameScene.cpp" />
    <ClCompile Include="App\Scene\IScene.cpp" />
    <ClCompile Include="App\Util\SceneLoader.cpp" />
    <ClCompile Include="App\Util\UtilFunc.cpp" />
    <ClCompile Include="main.cpp" />
    <ClCompile Include="App\GameObject\Player\PlayerManager.cpp" />
    <ClCompile Include="App\GameObject\Player\Core\playerCore.cpp" />
    <ClCompile Include="App\GameObject\Player\Command\PlayerCommandHandler.cpp" />
    <ClCompile Include="App\GameObject\Player\Camera\PlayerCamera.cpp" />
    <ClCompile Include="App\GameObject\Player\Command\Move\Pad\PlayerPadMoveCommand.cpp" />
    <ClCompile Include="App\GameObject\Player\Core\Move\PlayerMoveFunc.cpp" />
    <ClCompile Include="App\GameObject\Player\Command\Move\Key\PlayerKeyMoveCommand.cpp" />
    <ClCompile Include="App\GameManager\GameManager.cpp" />
    <ClCompile Include="App\GameObject\Enemy\Boss\First\FirstBossEnemy.cpp" />
    <ClCompile Include="App\GameObject\Enemy\EnemyManager.cpp" />
    <ClCompile Include="App\GameObject\EnvironmentObject\EnvironmentObject.cpp" />
    <ClCompile Include="App\GameObject\Player\Camera\PlayerCamera.cpp" />
    <ClCompile Include="App\GameObject\Player\Command\PlayerCommandHandler.cpp" />
    <ClCompile Include="App\GameObject\Player\PlayerManager.cpp" />
    <ClCompile Include="App\Scene\EnemyDebugScene.cpp" />
    <ClCompile Include="App\Scene\GameScene.cpp" />
    <ClCompile Include="App\Scene\IScene.cpp" />
    <ClCompile Include="App\Util\SceneLoader.cpp" />
    <ClCompile Include="App\Util\UtilFunc.cpp" />
    <ClCompile Include="main.cpp" />
    <ClCompile Include="App\GameObject\Enemy\EnemyManager.cpp" />
    <ClCompile Include="App\GameObject\Enemy\Normal\Normal1\NormalEnemy1.cpp" />
    <ClCompile Include="App\GameObject\Enemy\Normal\Behavior\NormalEnemyAttack.cpp" />
    <ClCompile Include="App\GameObject\Enemy\Normal\Behavior\NormalEnemyIsPlayerInRange.cpp" />
    <ClCompile Include="App\GameObject\Enemy\Normal\Behavior\NormalEnemyNoneBehavior.cpp" />
    <ClCompile Include="App\GameObject\Enemy\Normal\Behavior\NormalEnemyTracking.cpp" />
    <ClCompile Include="App\GameObject\Enemy\Boss\First\FirstBossEnemy.cpp" />
    <ClCompile Include="App\GameObject\Enemy\Boss\Behavior\BossEnemyIsEnraged.cpp" />
    <ClCompile Include="App\GameObject\Enemy\Boss\Behavior\BossEnemyIsPlayerInRange.cpp" />
    <ClCompile Include="App\GameObject\Enemy\Boss\Behavior\BossEnemyTracking.cpp" />
    <ClCompile Include="App\GameObject\Player\Command\Attack\Basic\PlayerBasicAttackCommand.cpp" />
    <ClCompile Include="App\GameObject\Wall\Wall.cpp" />
    <ClCompile Include="App\GameObject\Wall\WallManager.cpp" />
    <ClCompile Include="App\GameObject\Enemy\Normal\Normal2\NormalEnemy2.cpp" />
    <ClCompile Include="App\GameObject\Enemy\Normal\Normal2\NormalEnemy2Bullet.cpp" />
    <ClCompile Include="App\GameObject\Enemy\Normal\Behavior\NormalEnemyIsNotAttacking.cpp" />
    <ClCompile Include="App\GameObject\Enemy\Normal\Behavior\NormalEnemyIsPlayerInAttackRange.cpp" />
    <ClCompile Include="App\GameObject\Player\Attack\Interface\IMagicAttack.cpp" />
    <ClCompile Include="App\GameObject\Player\Command\Attack\Signature\PlayerSignatureAttackCommand.cpp" />
    <ClCompile Include="App\GameObject\Player\Command\Attack\Standard\PlayerStandardAttackCommand.cpp" />
    <ClCompile Include="App\GameObject\Enemy\Normal\BaseNormalEnemy.cpp" />
    <ClCompile Include="App\GameObject\Enemy\Normal\Normal1\NormalEnemy1Bullet.cpp" />
    <ClCompile Include="App\GameObject\Enemy\Boss\BaseBossEnemyBullet.cpp" />
    <ClCompile Include="App\GameObject\Component\Hp\HealthComponent.cpp" />
    <ClCompile Include="App\GameObject\Component\AttackPower\AttackPower.cpp" />
    <ClCompile Include="App\GameObject\TestPlayGui\TestPlayGui.cpp" />
    <ClCompile Include="App\GameObject\UI\TestUI.cpp" />
    <ClCompile Include="App\GameObject\Enemy\Boss\BaseBossEnemy.cpp" />
    <ClCompile Include="App\GameObject\Enemy\Boss\First\BossEnemyBullet1.cpp" />
    <ClCompile Include="App\GameObject\Enemy\Boss\First\FirstBossEnemyBullet2.cpp" />
    <ClCompile Include="App\GameObject\Enemy\Boss\Behavior\BossEnemyAttack.cpp" />
    <ClCompile Include="App\GameObject\Enemy\Normal\Normal3\NormalEnemy3.cpp" />
    <ClCompile Include="App\GameObject\Enemy\Normal\Normal3\NormalEnemy3Bullet.cpp" />
    <ClCompile Include="App\GameObject\Item\AttackPickup\AttackPickupItem.cpp" />
    <ClCompile Include="App\GameObject\Player\Attack\High\Normal\HighAttack_Normal.cpp" />
    <ClCompile Include="App\GameObject\Player\Attack\High\Normal\HighAttack_NormalBullet.cpp" />
    <ClCompile Include="App\GameObject\Player\Attack\Low\Back\LowAttack_Back.cpp" />
    <ClCompile Include="App\GameObject\Player\Attack\Low\Back\LowAttack_BackBullet.cpp" />
    <ClCompile Include="App\GameObject\Player\Attack\Low\Normal\LowAttack_Normal.cpp" />
    <ClCompile Include="App\GameObject\Player\Attack\Low\Normal\LowAttack_NormalBullet.cpp" />
    <ClCompile Include="App\GameObject\Player\Attack\Special\Normal\SpecialAttack_Normal.cpp" />
    <ClCompile Include="App\GameObject\Player\Attack\Special\Normal\SpecialAttack_NormalBullet.cpp" />
    <ClCompile Include="App\GameObject\Player\Attack\Interface\IPlayerBullet.cpp" />
    <ClCompile Include="App\GameObject\Player\Attack\Manager\PlayerBulletManager.cpp" />
    <ClCompile Include="App\GameObject\Item\Manager\ItemManager.cpp" />
    <ClCompile Include="App\GameObject\Item\Heal\HealItem.cpp" />
    <ClCompile Include="App\Scene\TitleScene.cpp" />
    <ClCompile Include="App\Scene\GameClearScene.cpp" />
    <ClCompile Include="App\Scene\GameOverScene.cpp" />
    <ClCompile Include="App\Scene\SelectScene.cpp" />
    <ClCompile Include="App\Scene\DebugSelectScene.cpp" />
    <ClCompile Include="App\GameObject\Player\Core\Dash\PlayerDashFunc.cpp" />
    <ClCompile Include="App\GameObject\Player\Command\Dash\PlayerDashCommand.cpp" />
  </ItemGroup>
  <ItemGroup>
    <ClInclude Include="App\GameManager\GameManager.h" />
    <ClInclude Include="App\GameObject\EnvironmentObject\EnvironmentObject.h" />
    <ClInclude Include="App\Scene\EnemyDebugScene.h" />
    <ClInclude Include="App\Scene\GameScene.h" />
    <ClInclude Include="App\Scene\IScene.h" />
    <ClInclude Include="App\Util\SceneLoader.h" />
    <ClInclude Include="App\Util\UtilFunc.h" />
    <ClInclude Include="App\GameObject\Player\PlayerManager.h" />
    <ClInclude Include="App\GameObject\Player\Core\playerCore.h" />
    <ClInclude Include="App\GameObject\Player\Command\PlayerCommandHandler.h" />
    <ClInclude Include="App\GameObject\Player\Command\Interface\IPlayerCommand.h" />
    <ClInclude Include="App\GameObject\Player\Command\Move\Pad\PlayerPadMoveCommand.h" />
    <ClInclude Include="App\GameObject\Player\Camera\PlayerCamera.h" />
    <ClInclude Include="App\GameObject\Player\Core\Move\PlayerMoveFunc.h" />
    <ClInclude Include="App\GameObject\Player\Command\Move\Key\PlayerKeyMoveCommand.h" />
    <ClInclude Include="App\GameManager\GameManager.h" />
    <ClInclude Include="App\GameObject\Enemy\Boss\BaseBossEnemy.h" />
    <ClInclude Include="App\GameObject\Enemy\Boss\First\FirstBossEnemy.h" />
    <ClInclude Include="App\GameObject\Enemy\EnemyManager.h" />
    <ClInclude Include="App\GameObject\EnvironmentObject\EnvironmentObject.h" />
    <ClInclude Include="App\GameObject\Player\Camera\PlayerCamera.h" />
    <ClInclude Include="App\GameObject\Player\Command\PlayerCommandHandler.h" />
    <ClInclude Include="App\GameObject\Player\PlayerManager.h" />
    <ClInclude Include="App\Scene\EnemyDebugScene.h" />
    <ClInclude Include="App\Scene\GameScene.h" />
    <ClInclude Include="App\Scene\IScene.h" />
    <ClInclude Include="App\Util\SceneLoader.h" />
    <ClInclude Include="App\Util\UtilFunc.h" />
    <ClInclude Include="App\GameObject\Enemy\EnemyManager.h" />
    <ClInclude Include="App\GameObject\Enemy\EnemyNodeState.h" />
    <ClInclude Include="App\GameObject\Enemy\EnemyParameter.h" />
    <ClInclude Include="App\GameObject\Enemy\Normal\BaseNormalEnemy.h" />
    <ClInclude Include="App\GameObject\Enemy\Normal\Normal1\NormalEnemy1.h" />
    <ClInclude Include="App\GameObject\Enemy\Normal\Behavior\NormalEnemyAttack.h" />
    <ClInclude Include="App\GameObject\Enemy\Normal\Behavior\NormalEnemyBehaviorNode.h" />
    <ClInclude Include="App\GameObject\Enemy\Normal\Behavior\NormalEnemyCondition.h" />
    <ClInclude Include="App\GameObject\Enemy\Normal\Behavior\NormalEnemyIsPlayerInRange.h" />
    <ClInclude Include="App\GameObject\Enemy\Normal\Behavior\NormalEnemyNoneBehavior.h" />
    <ClInclude Include="App\GameObject\Enemy\Normal\Behavior\NormalEnemySelector.h" />
    <ClInclude Include="App\GameObject\Enemy\Normal\Behavior\NormalEnemySequence.h" />
    <ClInclude Include="App\GameObject\Enemy\Normal\Behavior\NormalEnemyTracking.h" />
    <ClInclude Include="App\GameObject\Enemy\Boss\BaseBossEnemy.h" />
    <ClInclude Include="App\GameObject\Enemy\Boss\First\FirstBossEnemy.h" />
    <ClInclude Include="App\GameObject\Enemy\Boss\Behavior\BossEnemyBehaviorNode.h" />
    <ClInclude Include="App\GameObject\Enemy\Boss\Behavior\BossEnemyIsEnraged.h" />
    <ClInclude Include="App\GameObject\Enemy\Boss\Behavior\BossEnemyIsPlayerInRange.h" />
    <ClInclude Include="App\GameObject\Enemy\Boss\Behavior\BossEnemyRandomAttackSelector.h" />
    <ClInclude Include="App\GameObject\Enemy\Boss\Behavior\BossEnemySelector.h" />
    <ClInclude Include="App\GameObject\Enemy\Boss\Behavior\BossEnemySequence.h" />
    <ClInclude Include="App\GameObject\Enemy\Boss\Behavior\BossEnemyTracking.h" />
    <ClInclude Include="App\GameObject\Player\Attack\Interface\IMagicAttack.h" />
    <ClInclude Include="App\GameObject\Player\Command\Attack\Basic\PlayerBasicAttackCommand.h" />
    <ClInclude Include="App\GameObject\Player\Command\Attack\Standard\PlayerStandardAttackCommand.h" />
    <ClInclude Include="App\GameObject\Player\Command\Attack\Signature\PlayerSignatureAttackCommand.h" />
    <ClInclude Include="App\GameObject\Wall\Wall.h" />
    <ClInclude Include="App\GameObject\Wall\WallManager.h" />
    <ClInclude Include="App\GameObject\Enemy\Normal\Normal2\NormalEnemy2.h" />
    <ClInclude Include="App\GameObject\Enemy\Normal\Normal2\NormalEnemy2Bullet.h" />
    <ClInclude Include="App\GameObject\Enemy\Normal\Behavior\NormalEnemyIsNotAttacking.h" />
    <ClInclude Include="App\GameObject\Enemy\Normal\Behavior\NormalEnemyIsPlayerInAttackRange.h" />
    <ClInclude Include="App\GameObject\Enemy\Normal\BaseNormalEnemyBullet.h" />
    <ClInclude Include="App\GameObject\Enemy\Normal\Normal1\NormalEnemy1Bullet.h" />
    <ClInclude Include="App\GameObject\Enemy\Boss\BaseBossEnemyBullet.h" />
    <ClInclude Include="App\GameObject\Component\AttackPower\AttackPower.h" />
    <ClInclude Include="App\GameObject\Component\Hp\HealthComponent.h" />
    <ClInclude Include="App\GameObject\TestPlayGui\TestPlayGui.h" />
    <ClInclude Include="App\GameObject\UI\TestUI.h" />
    <ClInclude Include="App\GameObject\Enemy\Boss\First\BossEnemyBullet1.h" />
    <ClInclude Include="App\GameObject\Enemy\Boss\BossEnemyCondition.h" />
    <ClInclude Include="App\GameObject\Enemy\Boss\First\FirstBossEnemyBullet2.h" />
    <ClInclude Include="App\GameObject\Enemy\Boss\Behavior\BossEnemyAttack.h" />
    <ClInclude Include="App\GameObject\Enemy\Normal\Normal3\NormalEnemy3.h" />
    <ClInclude Include="App\GameObject\Enemy\Normal\Normal3\NormalEnemy3Bullet.h" />
    <ClInclude Include="App\GameObject\Item\AttackPickup\AttackPickupItem.h" />
    <ClInclude Include="App\GameObject\Item\Interface\IItem.h" />
    <ClInclude Include="App\GameObject\Player\Attack\High\Normal\HighAttack_Normal.h" />
    <ClInclude Include="App\GameObject\Player\Attack\High\Normal\HighAttack_NormalBullet.h" />
    <ClInclude Include="App\GameObject\Player\Attack\Low\Back\LowAttack_Back.h" />
    <ClInclude Include="App\GameObject\Player\Attack\Low\Back\LowAttack_BackBullet.h" />
    <ClInclude Include="App\GameObject\Player\Attack\Low\Normal\LowAttack_Normal.h" />
    <ClInclude Include="App\GameObject\Player\Attack\Low\Normal\LowAttack_NormalBullet.h" />
    <ClInclude Include="App\GameObject\Player\Attack\Special\Normal\SpecialAttack_Normal.h" />
    <ClInclude Include="App\GameObject\Player\Attack\Special\Normal\SpecialAttack_NormalBullet.h" />
    <ClInclude Include="App\GameObject\Player\Attack\Manager\PlayerBulletManager.h" />
    <ClInclude Include="App\GameObject\Player\Attack\Interface\IPlayerBullet.h" />
    <ClInclude Include="App\GameObject\Item\Manager\ItemManager.h" />
    <ClInclude Include="App\GameObject\Item\Heal\HealItem.h" />
    <ClInclude Include="App\Scene\TitleScene.h" />
    <ClInclude Include="App\Scene\GameClearScene.h" />
    <ClInclude Include="App\Scene\GameOverScene.h" />
    <ClInclude Include="App\Scene\SelectScene.h" />
    <ClInclude Include="App\Scene\DebugSelectScene.h" />
    <ClInclude Include="App\GameObject\Player\Core\Dash\PlayerDashFunc.h" />
    <ClInclude Include="App\GameObject\Player\Command\Dash\PlayerDashCommand.h" />
    <ClInclude Include="App\GameObject\Player\State\Interface\IPlayerState.h" />
  </ItemGroup>
  <ItemGroup>
    <None Include="Resources\Shaders\Common\Camera.hlsli" />
    <None Include="Resources\Shaders\Common\DirectionLight.hlsli" />
    <None Include="Resources\Shaders\Common\WtTransform.hlsli" />
    <None Include="Resources\Shaders\Common\Vert.hlsli" />
    <None Include="Resources\Shaders\Rasterization\Line3d\LineDraw.hlsli" />
    <None Include="Resources\Shaders\Rasterization\Ps_OutPut.hlsli" />
    <None Include="Resources\Shaders\Rasterization\Vs_InOut.hlsli" />
    <None Include="Resources\Shaders\Rasterization\Vs_InOut.hlsli" />
    <None Include="Resources\Shaders\PostEffect\Copy\PostEffectCopy_InOut.hlsli" />
    <None Include="Resources\Shaders\PostEffect\Copy\PostEffectCopy_PS_Output.hlsli" />
  </ItemGroup>
</Project>