<?xml version="1.0" encoding="utf-8"?>
<Project ToolsVersion="4.0" xmlns="http://schemas.microsoft.com/developer/msbuild/2003">
  <ItemGroup>
    <FxCompile Include="Resources\Shaders\Rasterization\DFDraw3d\DFDraw3d_PS.hlsl" />
    <FxCompile Include="Resources\Shaders\Rasterization\DFDraw3d\DFDraw3d_VS.hlsl" />
    <FxCompile Include="Resources\Shaders\Rasterization\Line3d\LineDraw3d_PS.hlsl" />
    <FxCompile Include="Resources\Shaders\Rasterization\Line3d\LineDraw3d_VS.hlsl" />
    <FxCompile Include="Resources\Shaders\RayTracing\triangleShader.hlsl" />
    <FxCompile Include="Resources\Shaders\Rasterization\DFDraw3d\DFDraw3d_PS.hlsl" />
    <FxCompile Include="Resources\Shaders\Rasterization\DFDraw3d\DFDraw3d_VS.hlsl" />
    <FxCompile Include="Resources\Shaders\Rasterization\Line3d\LineDraw3d_PS.hlsl" />
    <FxCompile Include="Resources\Shaders\Rasterization\Line3d\LineDraw3d_VS.hlsl" />
    <FxCompile Include="Resources\Shaders\RayTracing\triangleShader.hlsl" />
    <FxCompile Include="Resources\Shaders\PostEffect\Copy\PostEffectCopy_VS.hlsl" />
  </ItemGroup>
  <ItemGroup>
    <ClCompile Include="App\GameManager\GameManager.cpp" />
    <ClCompile Include="App\GameObject\EnvironmentObject\EnvironmentObject.cpp" />
    <ClCompile Include="App\Scene\EnemyDebugScene.cpp" />
    <ClCompile Include="App\Scene\GameScene.cpp" />
    <ClCompile Include="App\Scene\IScene.cpp" />
    <ClCompile Include="App\Util\SceneLoader.cpp" />
    <ClCompile Include="App\Util\UtilFunc.cpp" />
    <ClCompile Include="CLEYERA\3d\Blas\Blas.cpp" />
    <ClCompile Include="CLEYERA\3d\Game3dObject.cpp" />
    <ClCompile Include="CLEYERA\3d\GlobalRootSignature\GlobalRootSignature.cpp" />
    <ClCompile Include="CLEYERA\3d\Line3d\Line3d.cpp" />
    <ClCompile Include="CLEYERA\3d\LocalRootSignature\ClosestHitRootSignature.cpp" />
    <ClCompile Include="CLEYERA\3d\LocalRootSignature\RayGenRootSignature.cpp" />
    <ClCompile Include="CLEYERA\3d\Mesh\MeshData.cpp" />
    <ClCompile Include="CLEYERA\3d\Model3d.cpp" />
    <ClCompile Include="CLEYERA\3d\ModelManager\ModelManager.cpp" />
    <ClCompile Include="CLEYERA\3d\ShaderTable\ShaderTable.cpp" />
    <ClCompile Include="CLEYERA\3d\StateObject\StateObject.cpp" />
    <ClCompile Include="CLEYERA\3d\Tlas\Tlas.cpp" />
    <ClCompile Include="CLEYERA\CLEYERA.cpp" />
    <ClCompile Include="CLEYERA\Compornent\CameraCompornent.cpp" />
    <ClCompile Include="CLEYERA\Compornent\JsonCompornent.cpp" />
    <ClCompile Include="CLEYERA\Compornent\ManagerCompornent.cpp" />
    <ClCompile Include="CLEYERA\DebugTools\DebugCamera.cpp" />
    <ClCompile Include="CLEYERA\DebugTools\Grid.cpp" />
    <ClCompile Include="CLEYERA\DX\DXAdapter\DXAdapter.cpp" />
    <ClCompile Include="CLEYERA\DX\DXBarrier\DXBarrier.cpp" />
    <ClCompile Include="CLEYERA\DX\DXCommand\DXCommandAllocator.cpp" />
    <ClCompile Include="CLEYERA\DX\DXCommand\DXCommandList.cpp" />
    <ClCompile Include="CLEYERA\DX\DXCommand\DXCommandManager.cpp" />
    <ClCompile Include="CLEYERA\DX\DXCommand\DXCommandQueue.cpp" />
    <ClCompile Include="CLEYERA\DX\DXCommon.cpp" />
    <ClCompile Include="CLEYERA\DX\DXDebugLayer\DXDebugLayer.cpp" />
    <ClCompile Include="CLEYERA\DX\DXDepth\DXDepth.cpp" />
    <ClCompile Include="CLEYERA\DX\DXDescripter\DXDescripterComponent.cpp" />
    <ClCompile Include="CLEYERA\DX\DXDescripter\DXDescripterManager.cpp" />
    <ClCompile Include="CLEYERA\DX\DXDescripter\DXDSVDescripter.cpp" />
    <ClCompile Include="CLEYERA\DX\DXDescripter\DXRTVDescripter.cpp" />
    <ClCompile Include="CLEYERA\DX\DXDescripter\DXSRVDescripter.cpp" />
    <ClCompile Include="CLEYERA\DX\DXDevice\DXDevice.cpp" />
    <ClCompile Include="CLEYERA\DX\DXFactory\DXFactory.cpp" />
    <ClCompile Include="CLEYERA\DX\DXFence\DXFence.cpp" />
    <ClCompile Include="CLEYERA\DX\DXInfoQueue\DXInfoQueue.cpp" />
    <ClCompile Include="CLEYERA\DX\DXManager.cpp" />
    <ClCompile Include="CLEYERA\DX\DXSwapChain\DXSwapChain.cpp" />
    <ClCompile Include="CLEYERA\Utility\ColliderSystem\Octree\Octree.cpp" />
    <ClCompile Include="CLEYERA\Utility\FileLoader\FileLoader.cpp" />
    <ClCompile Include="CLEYERA\Utility\Flame\Flame.cpp" />
    <ClCompile Include="CLEYERA\Graphics\RasterPipline\pipline\DF\DFModel3dDraw.cpp" />
    <ClCompile Include="CLEYERA\Graphics\RasterPipline\pipline\Line\Line3dDraw.cpp" />
    <ClCompile Include="CLEYERA\Graphics\RasterPipline\pipline\RasterPiplineCompornent.cpp" />
    <ClCompile Include="CLEYERA\Graphics\RasterPipline\RasterPiplineCommon.cpp" />
    <ClCompile Include="CLEYERA\Graphics\RasterPipline\RasterPiplineManager.cpp" />
    <ClCompile Include="CLEYERA\Graphics\RaytracingManager\RaytracingManager.cpp" />
    <ClCompile Include="CLEYERA\Graphics\ShaderManager\ShaderCommon.cpp" />
    <ClCompile Include="CLEYERA\Graphics\ShaderManager\ShaderManager.cpp" />
    <ClCompile Include="CLEYERA\Graphics\ShaderManager\Shaders\ShaderCompornent.cpp" />
    <ClCompile Include="CLEYERA\Graphics\TexManager\TexManager.cpp" />
    <ClCompile Include="CLEYERA\SystemLogManager\ConvertString.cpp" />
    <ClCompile Include="CLEYERA\SystemLogManager\SystemLogManager.cpp" />
    <ClCompile Include="CLEYERA\Utility\Camera\Camera.cpp" />
    <ClCompile Include="CLEYERA\Utility\Camera\CameraManager.cpp" />
    <ClCompile Include="CLEYERA\Utility\ColliderSystem\Collider.cpp" />
    <ClCompile Include="CLEYERA\Utility\ColliderSystem\ColliderFunc.cpp" />
    <ClCompile Include="CLEYERA\Utility\ColliderSystem\ColliderSystem.cpp" />
    <ClCompile Include="CLEYERA\Utility\ColliderSystem\OBBCollider.cpp" />
    <ClCompile Include="CLEYERA\Utility\ColliderSystem\SCollider.cpp" />
    <ClCompile Include="CLEYERA\Utility\ImGui\ImGuiCommon.cpp" />
    <ClCompile Include="CLEYERA\Utility\ImGui\ImGuiManager.cpp" />
    <ClCompile Include="CLEYERA\Utility\Input\InputComtroller.cpp" />
    <ClCompile Include="CLEYERA\Utility\Input\InputKeybord.cpp" />
    <ClCompile Include="CLEYERA\Utility\Input\InputManager.cpp" />
    <ClCompile Include="CLEYERA\Utility\Json\GlobalVariables.cpp" />
    <ClCompile Include="CLEYERA\Utility\Light\DIrectionLight.cpp" />
    <ClCompile Include="CLEYERA\Utility\Light\LightManager.cpp" />
    <ClCompile Include="CLEYERA\Compornent\ObjectCompornent.cpp" />
    <ClCompile Include="CLEYERA\Utility\Object\ObjectManager.cpp" />
    <ClCompile Include="CLEYERA\Utility\PhysicsForces\GravityManager.cpp" />
    <ClCompile Include="CLEYERA\Utility\RenderManager\RenderManager.cpp" />
    <ClCompile Include="CLEYERA\Utility\Terrain\Terrain.cpp" />
    <ClCompile Include="CLEYERA\Utility\TransformBase\TransformBase.cpp" />
    <ClCompile Include="CLEYERA\Utility\World\WorldTransform.cpp" />
    <ClCompile Include="CLEYERA\WIn\WinApp.cpp" />
    <ClCompile Include="main.cpp" />
    <ClCompile Include="App\GameObject\Player\PlayerManager.cpp" />
    <ClCompile Include="App\GameObject\Player\Core\playerCore.cpp" />
    <ClCompile Include="App\GameObject\Player\Command\PlayerCommandHandler.cpp" />
    <ClCompile Include="App\GameObject\Player\Camera\PlayerCamera.cpp" />
    <ClCompile Include="App\GameObject\Player\Command\Move\Pad\PlayerPadMoveCommand.cpp" />
    <ClCompile Include="App\GameObject\Player\Core\Move\PlayerMoveFunc.cpp" />
    <ClCompile Include="App\GameObject\Player\Command\Move\Key\PlayerKeyMoveCommand.cpp" />
    <ClCompile Include="App\GameManager\GameManager.cpp" />
    <ClCompile Include="App\GameObject\Enemy\Boss\First\FirstBossEnemy.cpp" />
    <ClCompile Include="App\GameObject\Enemy\EnemyManager.cpp" />
    <ClCompile Include="App\GameObject\EnvironmentObject\EnvironmentObject.cpp" />
    <ClCompile Include="App\GameObject\Player\Camera\PlayerCamera.cpp" />
    <ClCompile Include="App\GameObject\Player\Command\PlayerCommandHandler.cpp" />
    <ClCompile Include="App\GameObject\Player\PlayerManager.cpp" />
    <ClCompile Include="App\Scene\EnemyDebugScene.cpp" />
    <ClCompile Include="App\Scene\GameScene.cpp" />
    <ClCompile Include="App\Scene\IScene.cpp" />
    <ClCompile Include="App\Util\SceneLoader.cpp" />
    <ClCompile Include="App\Util\UtilFunc.cpp" />
    <ClCompile Include="CLEYERA\3d\Blas\Blas.cpp" />
    <ClCompile Include="CLEYERA\3d\Game3dObject.cpp" />
    <ClCompile Include="CLEYERA\3d\GlobalRootSignature\GlobalRootSignature.cpp" />
    <ClCompile Include="CLEYERA\3d\Line3d\Line3d.cpp" />
    <ClCompile Include="CLEYERA\3d\LocalRootSignature\ClosestHitRootSignature.cpp" />
    <ClCompile Include="CLEYERA\3d\LocalRootSignature\RayGenRootSignature.cpp" />
    <ClCompile Include="CLEYERA\3d\Mesh\MeshData.cpp" />
    <ClCompile Include="CLEYERA\3d\Model3d.cpp" />
    <ClCompile Include="CLEYERA\3d\ModelManager\ModelManager.cpp" />
    <ClCompile Include="CLEYERA\3d\ShaderTable\ShaderTable.cpp" />
    <ClCompile Include="CLEYERA\3d\StateObject\StateObject.cpp" />
    <ClCompile Include="CLEYERA\3d\Tlas\Tlas.cpp" />
    <ClCompile Include="CLEYERA\CLEYERA.cpp" />
    <ClCompile Include="CLEYERA\Compornent\CameraCompornent.cpp" />
    <ClCompile Include="CLEYERA\Compornent\JsonCompornent.cpp" />
    <ClCompile Include="CLEYERA\Compornent\ManagerCompornent.cpp" />
    <ClCompile Include="CLEYERA\DebugTools\DebugCamera.cpp" />
    <ClCompile Include="CLEYERA\DebugTools\Grid.cpp" />
    <ClCompile Include="CLEYERA\DX\DXAdapter\DXAdapter.cpp" />
    <ClCompile Include="CLEYERA\DX\DXBarrier\DXBarrier.cpp" />
    <ClCompile Include="CLEYERA\DX\DXCommand\DXCommandAllocator.cpp" />
    <ClCompile Include="CLEYERA\DX\DXCommand\DXCommandList.cpp" />
    <ClCompile Include="CLEYERA\DX\DXCommand\DXCommandManager.cpp" />
    <ClCompile Include="CLEYERA\DX\DXCommand\DXCommandQueue.cpp" />
    <ClCompile Include="CLEYERA\DX\DXCommon.cpp" />
    <ClCompile Include="CLEYERA\DX\DXDebugLayer\DXDebugLayer.cpp" />
    <ClCompile Include="CLEYERA\DX\DXDepth\DXDepth.cpp" />
    <ClCompile Include="CLEYERA\DX\DXDescripter\DXDescripterComponent.cpp" />
    <ClCompile Include="CLEYERA\DX\DXDescripter\DXDescripterManager.cpp" />
    <ClCompile Include="CLEYERA\DX\DXDescripter\DXDSVDescripter.cpp" />
    <ClCompile Include="CLEYERA\DX\DXDescripter\DXRTVDescripter.cpp" />
    <ClCompile Include="CLEYERA\DX\DXDescripter\DXSRVDescripter.cpp" />
    <ClCompile Include="CLEYERA\DX\DXDevice\DXDevice.cpp" />
    <ClCompile Include="CLEYERA\DX\DXFactory\DXFactory.cpp" />
    <ClCompile Include="CLEYERA\DX\DXFence\DXFence.cpp" />
    <ClCompile Include="CLEYERA\DX\DXInfoQueue\DXInfoQueue.cpp" />
    <ClCompile Include="CLEYERA\DX\DXManager.cpp" />
    <ClCompile Include="CLEYERA\DX\DXSwapChain\DXSwapChain.cpp" />
    <ClCompile Include="CLEYERA\Utility\ColliderSystem\Octree\Octree.cpp" />
    <ClCompile Include="CLEYERA\Utility\FileLoader\FileLoader.cpp" />
    <ClCompile Include="CLEYERA\Utility\Flame\Flame.cpp" />
    <ClCompile Include="CLEYERA\Graphics\RasterPipline\pipline\DF\DFModel3dDraw.cpp" />
    <ClCompile Include="CLEYERA\Graphics\RasterPipline\pipline\Line\Line3dDraw.cpp" />
    <ClCompile Include="CLEYERA\Graphics\RasterPipline\pipline\RasterPiplineCompornent.cpp" />
    <ClCompile Include="CLEYERA\Graphics\RasterPipline\RasterPiplineCommon.cpp" />
    <ClCompile Include="CLEYERA\Graphics\RasterPipline\RasterPiplineManager.cpp" />
    <ClCompile Include="CLEYERA\Graphics\RaytracingManager\RaytracingManager.cpp" />
    <ClCompile Include="CLEYERA\Graphics\ShaderManager\ShaderCommon.cpp" />
    <ClCompile Include="CLEYERA\Graphics\ShaderManager\ShaderManager.cpp" />
    <ClCompile Include="CLEYERA\Graphics\ShaderManager\Shaders\ShaderCompornent.cpp" />
    <ClCompile Include="CLEYERA\Graphics\TexManager\TexManager.cpp" />
    <ClCompile Include="CLEYERA\SystemLogManager\ConvertString.cpp" />
    <ClCompile Include="CLEYERA\SystemLogManager\SystemLogManager.cpp" />
    <ClCompile Include="CLEYERA\Utility\Camera\Camera.cpp" />
    <ClCompile Include="CLEYERA\Utility\Camera\CameraManager.cpp" />
    <ClCompile Include="CLEYERA\Utility\ColliderSystem\Collider.cpp" />
    <ClCompile Include="CLEYERA\Utility\ColliderSystem\ColliderFunc.cpp" />
    <ClCompile Include="CLEYERA\Utility\ColliderSystem\ColliderSystem.cpp" />
    <ClCompile Include="CLEYERA\Utility\ColliderSystem\OBBCollider.cpp" />
    <ClCompile Include="CLEYERA\Utility\ColliderSystem\SCollider.cpp" />
    <ClCompile Include="CLEYERA\Utility\ImGui\ImGuiCommon.cpp" />
    <ClCompile Include="CLEYERA\Utility\ImGui\ImGuiManager.cpp" />
    <ClCompile Include="CLEYERA\Utility\Input\InputComtroller.cpp" />
    <ClCompile Include="CLEYERA\Utility\Input\InputKeybord.cpp" />
    <ClCompile Include="CLEYERA\Utility\Input\InputManager.cpp" />
    <ClCompile Include="CLEYERA\Utility\Json\GlobalVariables.cpp" />
    <ClCompile Include="CLEYERA\Utility\Light\DIrectionLight.cpp" />
    <ClCompile Include="CLEYERA\Utility\Light\LightManager.cpp" />
    <ClCompile Include="CLEYERA\Compornent\ObjectCompornent.cpp" />
    <ClCompile Include="CLEYERA\Utility\Object\ObjectManager.cpp" />
    <ClCompile Include="CLEYERA\Utility\PhysicsForces\GravityManager.cpp" />
    <ClCompile Include="CLEYERA\Utility\RenderManager\RenderManager.cpp" />
    <ClCompile Include="CLEYERA\Utility\Terrain\Terrain.cpp" />
    <ClCompile Include="CLEYERA\Utility\TransformBase\TransformBase.cpp" />
    <ClCompile Include="CLEYERA\Utility\World\WorldTransform.cpp" />
    <ClCompile Include="CLEYERA\WIn\WinApp.cpp" />
    <ClCompile Include="main.cpp" />
    <ClCompile Include="CLEYERA\PostEffect\PostEffect.cpp" />
    <ClCompile Include="CLEYERA\Graphics\RasterPipline\pipline\PostEffect\PostEffectCopy.cpp" />
    <ClCompile Include="App\GameObject\Enemy\EnemyManager.cpp" />
    <ClCompile Include="App\GameObject\Enemy\Normal\Normal1\NormalEnemy1.cpp" />
    <ClCompile Include="App\GameObject\Enemy\Normal\Normal1\NormalEnemyBullet.cpp" />
    <ClCompile Include="App\GameObject\Enemy\Normal\Behavior\NormalEnemyAttack.cpp" />
    <ClCompile Include="App\GameObject\Enemy\Normal\Behavior\NormalEnemyIsPlayerInRange.cpp" />
    <ClCompile Include="App\GameObject\Enemy\Normal\Behavior\NormalEnemyNoneBehavior.cpp" />
    <ClCompile Include="App\GameObject\Enemy\Normal\Behavior\NormalEnemyTracking.cpp" />
    <ClCompile Include="App\GameObject\Enemy\Boss\First\FirstBossEnemy.cpp" />
    <ClCompile Include="App\GameObject\Enemy\Boss\Behavior\BossEnemyAttack.cpp" />
    <ClCompile Include="App\GameObject\Enemy\Boss\Behavior\BossEnemyIsEnraged.cpp" />
    <ClCompile Include="App\GameObject\Enemy\Boss\Behavior\BossEnemyIsPlayerInRange.cpp" />
    <ClCompile Include="App\GameObject\Enemy\Boss\Behavior\BossEnemyMagicAttack.cpp" />
    <ClCompile Include="App\GameObject\Enemy\Boss\Behavior\BossEnemyNoneBehavior.cpp" />
    <ClCompile Include="App\GameObject\Enemy\Boss\Behavior\BossEnemyThrustAttack.cpp" />
    <ClCompile Include="App\GameObject\Enemy\Boss\Behavior\BossEnemyTracking.cpp" />
    <ClCompile Include="App\GameObject\Player\Attack\Basic\DemoBasic\PlayerAttackDemoBasic.cpp" />
    <ClCompile Include="App\GameObject\Player\Bullet\Manager\PlayerBulletManager.cpp" />
    <ClCompile Include="App\GameObject\Player\Command\Attack\Basic\PlayerBasicAttackCommand.cpp" />
    <ClCompile Include="App\GameObject\Wall\Wall.cpp" />
    <ClCompile Include="App\GameObject\Wall\WallManager.cpp" />
    <ClCompile Include="CLEYERA\Utility\ColliderSystem\AABBCollider.cpp" />
    <ClCompile Include="App\GameObject\Enemy\Normal\Normal2\NormalEnemy2.cpp" />
    <ClCompile Include="App\GameObject\Enemy\Normal\Normal2\NormalEnemy2Bullet.cpp" />
    <ClCompile Include="App\GameObject\Enemy\Normal\Behavior\NormalEnemyIsNotAttacking.cpp" />
    <ClCompile Include="App\GameObject\Enemy\Normal\Behavior\NormalEnemyIsPlayerInAttackRange.cpp" />
    <ClCompile Include="App\GameObject\Player\Bullet\Demo\PlayerDemoBullet.cpp" />
    <ClCompile Include="App\GameObject\Player\Attack\Interface\IMagicAttack.cpp" />
    <ClCompile Include="App\GameObject\Player\Attack\Standard\DemoStandard\PlayerAttackDemoStandard.cpp" />
    <ClCompile Include="App\GameObject\Player\Attack\Signature\DemoSignature\PlayerAttackDemoSignature.cpp" />
    <ClCompile Include="App\GameObject\Player\Command\Attack\Signature\PlayerSignatureAttackCommand.cpp" />
    <ClCompile Include="App\GameObject\Player\Command\Attack\Standard\PlayerStandardAttackCommand.cpp" />
    <ClCompile Include="App\GameObject\Player\Core\Health\PlayerHealth.cpp" />
  </ItemGroup>
  <ItemGroup>
    <ClInclude Include="App\GameManager\GameManager.h" />
    <ClInclude Include="App\GameObject\EnvironmentObject\EnvironmentObject.h" />
    <ClInclude Include="App\Scene\EnemyDebugScene.h" />
    <ClInclude Include="App\Scene\GameScene.h" />
    <ClInclude Include="App\Scene\IScene.h" />
    <ClInclude Include="App\Util\SceneLoader.h" />
    <ClInclude Include="App\Util\UtilFunc.h" />
    <ClInclude Include="CLEYERA\3d\Blas\Blas.h" />
    <ClInclude Include="CLEYERA\3d\Game3dObject.h" />
    <ClInclude Include="CLEYERA\3d\GlobalRootSignature\GlobalRootSignature.h" />
    <ClInclude Include="CLEYERA\3d\Line3d\Line3d.h" />
    <ClInclude Include="CLEYERA\3d\LocalRootSignature\ClosestHitRootSignature.h" />
    <ClInclude Include="CLEYERA\3d\LocalRootSignature\RayGenRootSignature.h" />
    <ClInclude Include="CLEYERA\3d\Mesh\MeshData.h" />
    <ClInclude Include="CLEYERA\3d\Model3d.h" />
    <ClInclude Include="CLEYERA\3d\ModelManager\Model3dPool.h" />
    <ClInclude Include="CLEYERA\3d\ModelManager\ModelManager.h" />
    <ClInclude Include="CLEYERA\3d\ShaderTable\ShaderTable.h" />
    <ClInclude Include="CLEYERA\3d\StateObject\StateObject.h" />
    <ClInclude Include="CLEYERA\3d\Tlas\Tlas.h" />
    <ClInclude Include="CLEYERA\Compornent\CameraCompornent.h" />
    <ClInclude Include="CLEYERA\Compornent\JsonCompornent.h" />
    <ClInclude Include="CLEYERA\Compornent\ManagerCompornent.h" />
    <ClInclude Include="CLEYERA\DebugTools\DebugCamera.h" />
    <ClInclude Include="CLEYERA\DebugTools\Grid.h" />
    <ClInclude Include="CLEYERA\Lua\kua.h" />
    <ClInclude Include="CLEYERA\Utility\ColliderSystem\Octree\Octree.h" />
    <ClInclude Include="CLEYERA\Lua\Helpers\LuaHelpers.h" />
    <ClInclude Include="CLEYERA\Lua\Script\LuaScript.h" />
    <ClInclude Include="CLEYERA\Utility\FileLoader\FileLoader.h" />
    <ClInclude Include="CLEYERA\Utility\Flame\Flame.h" />
    <ClInclude Include="CLEYERA\Graphics\RasterPipline\pipline\DF\DFModel3dDraw.h" />
    <ClInclude Include="CLEYERA\Graphics\RasterPipline\pipline\Line\Line3dDraw.h" />
    <ClInclude Include="CLEYERA\Graphics\RasterPipline\pipline\RasterPiplineCompornent.h" />
    <ClInclude Include="CLEYERA\Graphics\RasterPipline\RasterEnum.h" />
    <ClInclude Include="CLEYERA\Graphics\RasterPipline\RasterPiplineCommon.h" />
    <ClInclude Include="CLEYERA\Graphics\RasterPipline\RasterPiplineManager.h" />
    <ClInclude Include="CLEYERA\Graphics\RaytracingManager\HitGroup.h" />
    <ClInclude Include="CLEYERA\Graphics\RaytracingManager\RaytracingManager.h" />
    <ClInclude Include="CLEYERA\Graphics\ShaderManager\ShaderCommon.h" />
    <ClInclude Include="CLEYERA\Graphics\ShaderManager\ShaderEnum.h" />
    <ClInclude Include="CLEYERA\Graphics\ShaderManager\Shaders\ShaderCompornent.h" />
    <ClInclude Include="CLEYERA\Graphics\TexManager\TexData.h" />
    <ClInclude Include="CLEYERA\Graphics\TexManager\TexManager.h" />
    <ClInclude Include="CLEYERA\ThreadedLoader.h\ThreadedLoader.h" />
    <ClInclude Include="CLEYERA\Utility\Camera\CameraManager.h" />
    <ClInclude Include="CLEYERA\Utility\ColliderSystem\Collider.h" />
    <ClInclude Include="CLEYERA\Utility\ColliderSystem\ColliderFunc.h" />
    <ClInclude Include="CLEYERA\Utility\ColliderSystem\ColliderSystem.h" />
    <ClInclude Include="CLEYERA\Utility\ColliderSystem\OBBCollider.h" />
    <ClInclude Include="CLEYERA\Utility\ColliderSystem\SCollider.h" />
    <ClInclude Include="CLEYERA\Utility\ColliderSystem\TerrainCollider.h" />
    <ClInclude Include="CLEYERA\Utility\Input\InputComtroller.h" />
    <ClInclude Include="CLEYERA\Utility\Input\InputKeybord.h" />
    <ClInclude Include="CLEYERA\Utility\Input\InputManager.h" />
    <ClInclude Include="CLEYERA\Utility\Json\GlobalVariables.h" />
    <ClInclude Include="CLEYERA\Utility\Light\DIrectionLight.h" />
    <ClInclude Include="CLEYERA\Utility\Light\LightManager.h" />
    <ClInclude Include="CLEYERA\Compornent\ObjectCompornent.h" />
    <ClInclude Include="CLEYERA\Utility\Object\ObjectManager.h" />
    <ClInclude Include="CLEYERA\Utility\PhysicsForces\GravityManager.h" />
    <ClInclude Include="CLEYERA\Utility\RenderManager\RenderManager.h" />
    <ClInclude Include="CLEYERA\Utility\ResourceFunc\ResourceFunc.h" />
    <ClInclude Include="CLEYERA\Utility\SceneFactory\SceneFactory.h" />
    <ClInclude Include="CLEYERA\Utility\Terrain\Terrain.h" />
    <ClInclude Include="CLEYERA\Utility\World\WorldTransform.h" />
    <ClInclude Include="CLEYERA\CLEYERA.h" />
    <ClInclude Include="CLEYERA\DX\DXAdapter\DXAdapter.h" />
    <ClInclude Include="CLEYERA\DX\DXBarrier\DXBarrier.h" />
    <ClInclude Include="CLEYERA\DX\DXBufferResource\DXBufferResource.h" />
    <ClInclude Include="CLEYERA\DX\DXCommand\DXCommandAllocator.h" />
    <ClInclude Include="CLEYERA\DX\DXCommand\DXCommandList.h" />
    <ClInclude Include="CLEYERA\DX\DXCommand\DXCommandManager.h" />
    <ClInclude Include="CLEYERA\DX\DXCommand\DXCommandQueue.h" />
    <ClInclude Include="CLEYERA\DX\DXCommon.h" />
    <ClInclude Include="CLEYERA\DX\DXDebugLayer\DXDebugLayer.h" />
    <ClInclude Include="CLEYERA\DX\DXDepth\DXDepth.h" />
    <ClInclude Include="CLEYERA\DX\DXDescripter\DXDescripterManager.h" />
    <ClInclude Include="CLEYERA\DX\DXDescripter\DXDSVDescripter.h" />
    <ClInclude Include="CLEYERA\DX\DXDescripter\DXDescripterComponent.h" />
    <ClInclude Include="CLEYERA\DX\DXDescripter\DXRTVDescripter.h" />
    <ClInclude Include="CLEYERA\DX\DXDescripter\DXSRVDescripter.h" />
    <ClInclude Include="CLEYERA\DX\DXDevice\DXDevice.h" />
    <ClInclude Include="CLEYERA\DX\DXFactory\DXFactory.h" />
    <ClInclude Include="CLEYERA\DX\DXFence\DXFence.h" />
    <ClInclude Include="CLEYERA\DX\DXInfoQueue\DXInfoQueue.h" />
    <ClInclude Include="CLEYERA\DX\DXManager.h" />
    <ClInclude Include="CLEYERA\DX\DXSwapChain\DXSwapChain.h" />
    <ClInclude Include="CLEYERA\Graphics\ShaderManager\ShaderManager.h" />
    <ClInclude Include="CLEYERA\pch\Pch.h" />
    <ClInclude Include="CLEYERA\SystemLogManager\ConvertString.h" />
    <ClInclude Include="CLEYERA\SystemLogManager\ISystemObserver.h" />
    <ClInclude Include="CLEYERA\DX\DXComponent.h" />
    <ClInclude Include="CLEYERA\SystemLogManager\SystemLogManager.h" />
    <ClInclude Include="CLEYERA\Utility\Camera\Camera.h" />
    <ClInclude Include="CLEYERA\Utility\ImGui\ImGuiCommon.h" />
    <ClInclude Include="CLEYERA\Utility\ImGui\ImGuiManager.h" />
    <ClInclude Include="CLEYERA\Utility\TransformBase\TransformBase.h" />
    <ClInclude Include="CLEYERA\WIn\WinApp.h" />
    <ClInclude Include="App\GameObject\Player\PlayerManager.h" />
    <ClInclude Include="App\GameObject\Player\Core\playerCore.h" />
    <ClInclude Include="App\GameObject\Player\Command\PlayerCommandHandler.h" />
    <ClInclude Include="App\GameObject\Player\Command\Interface\IPlayerCommand.h" />
    <ClInclude Include="App\GameObject\Player\Command\Move\Pad\PlayerPadMoveCommand.h" />
    <ClInclude Include="App\GameObject\Player\Camera\PlayerCamera.h" />
    <ClInclude Include="App\GameObject\Player\Core\Move\PlayerMoveFunc.h" />
    <ClInclude Include="App\GameObject\Player\Command\Move\Key\PlayerKeyMoveCommand.h" />
    <ClInclude Include="App\GameManager\GameManager.h" />
    <ClInclude Include="App\GameObject\Enemy\Boss\BaseBossEnemy.h" />
    <ClInclude Include="App\GameObject\Enemy\Boss\First\FirstBossEnemy.h" />
    <ClInclude Include="App\GameObject\Enemy\EnemyManager.h" />
    <ClInclude Include="App\GameObject\EnvironmentObject\EnvironmentObject.h" />
    <ClInclude Include="App\GameObject\Player\Camera\PlayerCamera.h" />
    <ClInclude Include="App\GameObject\Player\Command\PlayerCommandHandler.h" />
    <ClInclude Include="App\GameObject\Player\PlayerManager.h" />
    <ClInclude Include="App\Scene\EnemyDebugScene.h" />
    <ClInclude Include="App\Scene\GameScene.h" />
    <ClInclude Include="App\Scene\IScene.h" />
    <ClInclude Include="App\Util\SceneLoader.h" />
    <ClInclude Include="App\Util\UtilFunc.h" />
    <ClInclude Include="CLEYERA\3d\Blas\Blas.h" />
    <ClInclude Include="CLEYERA\3d\Game3dObject.h" />
    <ClInclude Include="CLEYERA\3d\GlobalRootSignature\GlobalRootSignature.h" />
    <ClInclude Include="CLEYERA\3d\Line3d\Line3d.h" />
    <ClInclude Include="CLEYERA\3d\LocalRootSignature\ClosestHitRootSignature.h" />
    <ClInclude Include="CLEYERA\3d\LocalRootSignature\RayGenRootSignature.h" />
    <ClInclude Include="CLEYERA\3d\Mesh\MeshData.h" />
    <ClInclude Include="CLEYERA\3d\Model3d.h" />
    <ClInclude Include="CLEYERA\3d\ModelManager\Model3dPool.h" />
    <ClInclude Include="CLEYERA\3d\ModelManager\ModelManager.h" />
    <ClInclude Include="CLEYERA\3d\ShaderTable\ShaderTable.h" />
    <ClInclude Include="CLEYERA\3d\StateObject\StateObject.h" />
    <ClInclude Include="CLEYERA\3d\Tlas\Tlas.h" />
    <ClInclude Include="CLEYERA\Compornent\CameraCompornent.h" />
    <ClInclude Include="CLEYERA\Compornent\JsonCompornent.h" />
    <ClInclude Include="CLEYERA\Compornent\ManagerCompornent.h" />
    <ClInclude Include="CLEYERA\DebugTools\DebugCamera.h" />
    <ClInclude Include="CLEYERA\DebugTools\Grid.h" />
    <ClInclude Include="CLEYERA\Lua\kua.h" />
    <ClInclude Include="CLEYERA\Utility\ColliderSystem\Octree\Octree.h" />
    <ClInclude Include="CLEYERA\Lua\Helpers\LuaHelpers.h" />
    <ClInclude Include="CLEYERA\Lua\Script\LuaScript.h" />
    <ClInclude Include="CLEYERA\Utility\FileLoader\FileLoader.h" />
    <ClInclude Include="CLEYERA\Utility\Flame\Flame.h" />
    <ClInclude Include="CLEYERA\Graphics\RasterPipline\pipline\DF\DFModel3dDraw.h" />
    <ClInclude Include="CLEYERA\Graphics\RasterPipline\pipline\Line\Line3dDraw.h" />
    <ClInclude Include="CLEYERA\Graphics\RasterPipline\pipline\RasterPiplineCompornent.h" />
    <ClInclude Include="CLEYERA\Graphics\RasterPipline\RasterEnum.h" />
    <ClInclude Include="CLEYERA\Graphics\RasterPipline\RasterPiplineCommon.h" />
    <ClInclude Include="CLEYERA\Graphics\RasterPipline\RasterPiplineManager.h" />
    <ClInclude Include="CLEYERA\Graphics\RaytracingManager\HitGroup.h" />
    <ClInclude Include="CLEYERA\Graphics\RaytracingManager\RaytracingManager.h" />
    <ClInclude Include="CLEYERA\Graphics\ShaderManager\ShaderCommon.h" />
    <ClInclude Include="CLEYERA\Graphics\ShaderManager\ShaderEnum.h" />
    <ClInclude Include="CLEYERA\Graphics\ShaderManager\Shaders\ShaderCompornent.h" />
    <ClInclude Include="CLEYERA\Graphics\TexManager\TexData.h" />
    <ClInclude Include="CLEYERA\Graphics\TexManager\TexManager.h" />
    <ClInclude Include="CLEYERA\ThreadedLoader.h\ThreadedLoader.h" />
    <ClInclude Include="CLEYERA\Utility\Camera\CameraManager.h" />
    <ClInclude Include="CLEYERA\Utility\ColliderSystem\Collider.h" />
    <ClInclude Include="CLEYERA\Utility\ColliderSystem\ColliderFunc.h" />
    <ClInclude Include="CLEYERA\Utility\ColliderSystem\ColliderSystem.h" />
    <ClInclude Include="CLEYERA\Utility\ColliderSystem\OBBCollider.h" />
    <ClInclude Include="CLEYERA\Utility\ColliderSystem\SCollider.h" />
    <ClInclude Include="CLEYERA\Utility\ColliderSystem\TerrainCollider.h" />
    <ClInclude Include="CLEYERA\Utility\Input\InputComtroller.h" />
    <ClInclude Include="CLEYERA\Utility\Input\InputKeybord.h" />
    <ClInclude Include="CLEYERA\Utility\Input\InputManager.h" />
    <ClInclude Include="CLEYERA\Utility\Json\GlobalVariables.h" />
    <ClInclude Include="CLEYERA\Utility\Light\DIrectionLight.h" />
    <ClInclude Include="CLEYERA\Utility\Light\LightManager.h" />
    <ClInclude Include="CLEYERA\Compornent\ObjectCompornent.h" />
    <ClInclude Include="CLEYERA\Utility\Object\ObjectManager.h" />
    <ClInclude Include="CLEYERA\Utility\PhysicsForces\GravityManager.h" />
    <ClInclude Include="CLEYERA\Utility\RenderManager\RenderManager.h" />
    <ClInclude Include="CLEYERA\Utility\ResourceFunc\ResourceFunc.h" />
    <ClInclude Include="CLEYERA\Utility\SceneFactory\SceneFactory.h" />
    <ClInclude Include="CLEYERA\Utility\Terrain\Terrain.h" />
    <ClInclude Include="CLEYERA\Utility\World\WorldTransform.h" />
    <ClInclude Include="CLEYERA\CLEYERA.h" />
    <ClInclude Include="CLEYERA\DX\DXAdapter\DXAdapter.h" />
    <ClInclude Include="CLEYERA\DX\DXBarrier\DXBarrier.h" />
    <ClInclude Include="CLEYERA\DX\DXBufferResource\DXBufferResource.h" />
    <ClInclude Include="CLEYERA\DX\DXCommand\DXCommandAllocator.h" />
    <ClInclude Include="CLEYERA\DX\DXCommand\DXCommandList.h" />
    <ClInclude Include="CLEYERA\DX\DXCommand\DXCommandManager.h" />
    <ClInclude Include="CLEYERA\DX\DXCommand\DXCommandQueue.h" />
    <ClInclude Include="CLEYERA\DX\DXCommon.h" />
    <ClInclude Include="CLEYERA\DX\DXDebugLayer\DXDebugLayer.h" />
    <ClInclude Include="CLEYERA\DX\DXDepth\DXDepth.h" />
    <ClInclude Include="CLEYERA\DX\DXDescripter\DXDescripterManager.h" />
    <ClInclude Include="CLEYERA\DX\DXDescripter\DXDSVDescripter.h" />
    <ClInclude Include="CLEYERA\DX\DXDescripter\DXDescripterComponent.h" />
    <ClInclude Include="CLEYERA\DX\DXDescripter\DXRTVDescripter.h" />
    <ClInclude Include="CLEYERA\DX\DXDescripter\DXSRVDescripter.h" />
    <ClInclude Include="CLEYERA\DX\DXDevice\DXDevice.h" />
    <ClInclude Include="CLEYERA\DX\DXFactory\DXFactory.h" />
    <ClInclude Include="CLEYERA\DX\DXFence\DXFence.h" />
    <ClInclude Include="CLEYERA\DX\DXInfoQueue\DXInfoQueue.h" />
    <ClInclude Include="CLEYERA\DX\DXManager.h" />
    <ClInclude Include="CLEYERA\DX\DXSwapChain\DXSwapChain.h" />
    <ClInclude Include="CLEYERA\Graphics\ShaderManager\ShaderManager.h" />
    <ClInclude Include="CLEYERA\pch\Pch.h" />
    <ClInclude Include="CLEYERA\SystemLogManager\ConvertString.h" />
    <ClInclude Include="CLEYERA\SystemLogManager\ISystemObserver.h" />
    <ClInclude Include="CLEYERA\DX\DXComponent.h" />
    <ClInclude Include="CLEYERA\SystemLogManager\SystemLogManager.h" />
    <ClInclude Include="CLEYERA\Utility\Camera\Camera.h" />
    <ClInclude Include="CLEYERA\Utility\ImGui\ImGuiCommon.h" />
    <ClInclude Include="CLEYERA\Utility\ImGui\ImGuiManager.h" />
    <ClInclude Include="CLEYERA\Utility\TransformBase\TransformBase.h" />
    <ClInclude Include="CLEYERA\WIn\WinApp.h" />
    <ClInclude Include="CLEYERA\PostEffect\PostEffect.h" />
    <ClInclude Include="CLEYERA\Graphics\RasterPipline\pipline\PostEffect\PostEffectCopy.h" />
    <ClInclude Include="App\GameObject\Enemy\EnemyManager.h" />
    <ClInclude Include="App\GameObject\Enemy\EnemyNodeState.h" />
    <ClInclude Include="App\GameObject\Enemy\EnemyParameter.h" />
    <ClInclude Include="App\GameObject\Enemy\Normal\BaseNormalEnemy.h" />
    <ClInclude Include="App\GameObject\Enemy\Normal\Normal1\NormalEnemy1.h" />
    <ClInclude Include="App\GameObject\Enemy\Normal\Normal1\NormalEnemyBullet.h" />
    <ClInclude Include="App\GameObject\Enemy\Normal\Behavior\NormalEnemyAttack.h" />
    <ClInclude Include="App\GameObject\Enemy\Normal\Behavior\NormalEnemyBehaviorNode.h" />
    <ClInclude Include="App\GameObject\Enemy\Normal\Behavior\NormalEnemyCondition.h" />
    <ClInclude Include="App\GameObject\Enemy\Normal\Behavior\NormalEnemyIsPlayerInRange.h" />
    <ClInclude Include="App\GameObject\Enemy\Normal\Behavior\NormalEnemyNoneBehavior.h" />
    <ClInclude Include="App\GameObject\Enemy\Normal\Behavior\NormalEnemySelector.h" />
    <ClInclude Include="App\GameObject\Enemy\Normal\Behavior\NormalEnemySequence.h" />
    <ClInclude Include="App\GameObject\Enemy\Normal\Behavior\NormalEnemyTracking.h" />
    <ClInclude Include="App\GameObject\Enemy\Boss\BaseBossEnemy.h" />
    <ClInclude Include="App\GameObject\Enemy\Boss\First\FirstBossEnemy.h" />
    <ClInclude Include="App\GameObject\Enemy\Boss\Behavior\BossEnemyAttack.h" />
    <ClInclude Include="App\GameObject\Enemy\Boss\Behavior\BossEnemyBehaviorNode.h" />
    <ClInclude Include="App\GameObject\Enemy\Boss\Behavior\BossEnemyCondition.h" />
    <ClInclude Include="App\GameObject\Enemy\Boss\Behavior\BossEnemyIsEnraged.h" />
    <ClInclude Include="App\GameObject\Enemy\Boss\Behavior\BossEnemyIsPlayerInRange.h" />
    <ClInclude Include="App\GameObject\Enemy\Boss\Behavior\BossEnemyMagicAttack.h" />
    <ClInclude Include="App\GameObject\Enemy\Boss\Behavior\BossEnemyNoneBehavior.h" />
    <ClInclude Include="App\GameObject\Enemy\Boss\Behavior\BossEnemyRandomAttackSelector.h" />
    <ClInclude Include="App\GameObject\Enemy\Boss\Behavior\BossEnemySelector.h" />
    <ClInclude Include="App\GameObject\Enemy\Boss\Behavior\BossEnemySequence.h" />
    <ClInclude Include="App\GameObject\Enemy\Boss\Behavior\BossEnemyThrustAttack.h" />
    <ClInclude Include="App\GameObject\Enemy\Boss\Behavior\BossEnemyTracking.h" />
    <ClInclude Include="App\GameObject\Player\Attack\Interface\IMagicAttack.h" />
    <ClInclude Include="App\GameObject\Player\Attack\Basic\DemoBasic\PlayerAttackDemoBasic.h" />
    <ClInclude Include="App\GameObject\Player\Command\Attack\Basic\PlayerBasicAttackCommand.h" />
    <ClInclude Include="App\GameObject\Player\Command\Attack\Standard\PlayerStandardAttackCommand.h" />
    <ClInclude Include="App\GameObject\Player\Command\Attack\Signature\PlayerSignatureAttackCommand.h" />
    <ClInclude Include="App\GameObject\Player\Bullet\Manager\PlayerBulletManager.h" />
    <ClInclude Include="App\GameObject\Player\Bullet\Interface\IPlayerBullet.h" />
    <ClInclude Include="App\GameObject\Wall\Wall.h" />
    <ClInclude Include="App\GameObject\Wall\WallManager.h" />
    <ClInclude Include="CLEYERA\Utility\ColliderSystem\AABBCollider.h" />
    <ClInclude Include="App\GameObject\Enemy\Normal\Normal2\NormalEnemy2.h" />
    <ClInclude Include="App\GameObject\Enemy\Normal\Normal2\NormalEnemy2Bullet.h" />
    <ClInclude Include="App\GameObject\Enemy\Normal\Behavior\NormalEnemyIsNotAttacking.h" />
    <ClInclude Include="App\GameObject\Enemy\Normal\Behavior\NormalEnemyIsPlayerInAttackRange.h" />
    <ClInclude Include="App\GameObject\Player\Bullet\Demo\PlayerDemoBullet.h" />
    <ClInclude Include="App\GameObject\Player\Attack\Standard\DemoStandard\PlayerAttackDemoStandard.h" />
    <ClInclude Include="App\GameObject\Player\Attack\Signature\DemoSignature\PlayerAttackDemoSignature.h" />
    <ClInclude Include="App\GameObject\Player\Core\Health\PlayerHealth.h" />
  </ItemGroup>
  <ItemGroup>
    <None Include="Resources\Shaders\Common\Camera.hlsli" />
    <None Include="Resources\Shaders\Common\DirectionLight.hlsli" />
    <None Include="Resources\Shaders\Common\WtTransform.hlsli" />
    <None Include="Resources\Shaders\Common\Vert.hlsli" />
    <None Include="Resources\Shaders\Rasterization\Line3d\LineDraw.hlsli" />
    <None Include="Resources\Shaders\Rasterization\Ps_OutPut.hlsli" />
    <None Include="Resources\Shaders\Rasterization\Vs_InOut.hlsli" />
    <None Include="Resources\Shaders\Rasterization\Vs_InOut.hlsli" />
    <None Include="Resources\Shaders\PostEffect\Copy\PostEffectCopy_InOut.hlsli" />
    <None Include="Resources\Shaders\PostEffect\Copy\PostEffectCopy_PS_Output.hlsli" />
  </ItemGroup>
</Project>