<?xml version="1.0" encoding="utf-8"?>
<Project ToolsVersion="4.0" xmlns="http://schemas.microsoft.com/developer/msbuild/2003">
  <ItemGroup>
    <Filter Include="ソース ファイル">
      <UniqueIdentifier>{4FC737F1-C7A5-4376-A066-2A32D752A2FF}</UniqueIdentifier>
      <Extensions>cpp;c;cc;cxx;c++;cppm;ixx;def;odl;idl;hpj;bat;asm;asmx</Extensions>
    </Filter>
    <Filter Include="ヘッダー ファイル">
      <UniqueIdentifier>{93995380-89BD-4b04-88EB-625FBE52EBFB}</UniqueIdentifier>
      <Extensions>h;hh;hpp;hxx;h++;hm;inl;inc;ipp;xsd</Extensions>
    </Filter>
    <Filter Include="リソース ファイル">
      <UniqueIdentifier>{67DA6AB6-F800-4c08-8B7A-83BB121AAD01}</UniqueIdentifier>
      <Extensions>rc;ico;cur;bmp;dlg;rc2;rct;bin;rgs;gif;jpg;jpeg;jpe;resx;tiff;tif;png;wav;mfcribbon-ms</Extensions>
    </Filter>
  </ItemGroup>
  <ItemGroup>
    <ClCompile Include="main.cpp">
      <Filter>ソース ファイル</Filter>
    </ClCompile>
    <ClCompile Include="CLEYERA\SystemLogManager\SystemLogManager.cpp">
      <Filter>ソース ファイル</Filter>
    </ClCompile>
    <ClCompile Include="CLEYERA\DX\DXDevice\DXDevice.cpp">
      <Filter>ソース ファイル</Filter>
    </ClCompile>
    <ClCompile Include="CLEYERA\DX\DXAdapter\DXAdapter.cpp">
      <Filter>ソース ファイル</Filter>
    </ClCompile>
    <ClCompile Include="CLEYERA\DX\DXFactory\DXFactory.cpp">
      <Filter>ソース ファイル</Filter>
    </ClCompile>
    <ClCompile Include="CLEYERA\DX\DXCommon.cpp">
      <Filter>ソース ファイル</Filter>
    </ClCompile>
    <ClCompile Include="CLEYERA\DX\DXManager.cpp">
      <Filter>ソース ファイル</Filter>
    </ClCompile>
    <ClCompile Include="CLEYERA\WIn\WinApp.cpp">
      <Filter>ソース ファイル</Filter>
    </ClCompile>
    <ClCompile Include="CLEYERA\CLEYERA.cpp">
      <Filter>ソース ファイル</Filter>
    </ClCompile>
    <ClCompile Include="CLEYERA\SystemLogManager\ConvertString.cpp">
      <Filter>ソース ファイル</Filter>
    </ClCompile>
    <ClCompile Include="CLEYERA\DX\DXCommand\DXCommandList.cpp">
      <Filter>ソース ファイル</Filter>
    </ClCompile>
    <ClCompile Include="CLEYERA\DX\DXCommand\DXCommandAllocator.cpp">
      <Filter>ソース ファイル</Filter>
    </ClCompile>
    <ClCompile Include="CLEYERA\DX\DXCommand\DXCommandQueue.cpp">
      <Filter>ソース ファイル</Filter>
    </ClCompile>
    <ClCompile Include="CLEYERA\DX\DXDebugLayer\DXDebugLayer.cpp">
      <Filter>ソース ファイル</Filter>
    </ClCompile>
    <ClCompile Include="CLEYERA\DX\DXInfoQueue\DXInfoQueue.cpp">
      <Filter>ソース ファイル</Filter>
    </ClCompile>
    <ClCompile Include="CLEYERA\DX\DXSwapChain\DXSwapChain.cpp">
      <Filter>ソース ファイル</Filter>
    </ClCompile>
    <ClCompile Include="CLEYERA\DX\DXDescripter\DXRTVDescripter.cpp">
      <Filter>ソース ファイル</Filter>
    </ClCompile>
    <ClCompile Include="CLEYERA\DX\DXDescripter\DXDescripterComponent.cpp">
      <Filter>ソース ファイル</Filter>
    </ClCompile>
    <ClCompile Include="CLEYERA\DX\DXDescripter\DXSRVDescripter.cpp">
      <Filter>ソース ファイル</Filter>
    </ClCompile>
    <ClCompile Include="CLEYERA\DX\DXBarrier\DXBarrier.cpp">
      <Filter>ソース ファイル</Filter>
    </ClCompile>
    <ClCompile Include="CLEYERA\DX\DXFence\DXFence.cpp">
      <Filter>ソース ファイル</Filter>
    </ClCompile>
    <ClCompile Include="CLEYERA\DX\DXDescripter\DXDSVDescripter.cpp">
      <Filter>ソース ファイル</Filter>
    </ClCompile>
    <ClCompile Include="CLEYERA\DX\DXDepth\DXDepth.cpp">
      <Filter>ソース ファイル</Filter>
    </ClCompile>
  </ItemGroup>
  <ItemGroup>
    <ClInclude Include="CLEYERA\SystemLogManager\ISystemObserver.h">
      <Filter>ヘッダー ファイル</Filter>
    </ClInclude>
    <ClInclude Include="CLEYERA\pch\Pch.h">
      <Filter>ヘッダー ファイル</Filter>
    </ClInclude>
    <ClInclude Include="CLEYERA\SystemLogManager\SystemLogManager.h">
      <Filter>ヘッダー ファイル</Filter>
    </ClInclude>
    <ClInclude Include="CLEYERA\DX\DXComponent.h">
      <Filter>ヘッダー ファイル</Filter>
    </ClInclude>
    <ClInclude Include="CLEYERA\DX\DXDevice\DXDevice.h">
      <Filter>ヘッダー ファイル</Filter>
    </ClInclude>
    <ClInclude Include="CLEYERA\DX\DXAdapter\DXAdapter.h">
      <Filter>ヘッダー ファイル</Filter>
    </ClInclude>
    <ClInclude Include="CLEYERA\DX\DXFactory\DXFactory.h">
      <Filter>ヘッダー ファイル</Filter>
    </ClInclude>
    <ClInclude Include="CLEYERA\DX\DXCommon.h">
      <Filter>ヘッダー ファイル</Filter>
    </ClInclude>
    <ClInclude Include="CLEYERA\DX\DXManager.h">
      <Filter>ヘッダー ファイル</Filter>
    </ClInclude>
    <ClInclude Include="CLEYERA\WIn\WinApp.h">
      <Filter>ヘッダー ファイル</Filter>
    </ClInclude>
    <ClInclude Include="CLEYERA\CLEYERA.h">
      <Filter>ヘッダー ファイル</Filter>
    </ClInclude>
    <ClInclude Include="CLEYERA\SystemLogManager\ConvertString.h">
      <Filter>ヘッダー ファイル</Filter>
    </ClInclude>
    <ClInclude Include="CLEYERA\DX\DXCommand\DXCommandList.h">
      <Filter>ヘッダー ファイル</Filter>
    </ClInclude>
    <ClInclude Include="CLEYERA\DX\DXCommand\DXCommandQueue.h">
      <Filter>ヘッダー ファイル</Filter>
    </ClInclude>
    <ClInclude Include="CLEYERA\DX\DXCommand\DXCommandAllocator.h">
      <Filter>ヘッダー ファイル</Filter>
    </ClInclude>
    <ClInclude Include="CLEYERA\DX\DXDebugLayer\DXDebugLayer.h">
      <Filter>ヘッダー ファイル</Filter>
    </ClInclude>
    <ClInclude Include="CLEYERA\DX\DXInfoQueue\DXInfoQueue.h">
      <Filter>ヘッダー ファイル</Filter>
    </ClInclude>
    <ClInclude Include="CLEYERA\DX\DXSwapChain\DXSwapChain.h">
      <Filter>ヘッダー ファイル</Filter>
    </ClInclude>
    <ClInclude Include="CLEYERA\DX\DXBufferResource\DXBufferResource.h">
      <Filter>ヘッダー ファイル</Filter>
    </ClInclude>
    <ClInclude Include="CLEYERA\DX\DXDescripter\DXDescripterComponent.h">
      <Filter>ヘッダー ファイル</Filter>
    </ClInclude>
    <ClInclude Include="CLEYERA\DX\DXDescripter\DXRTVDescripter.h">
      <Filter>ヘッダー ファイル</Filter>
    </ClInclude>
    <ClInclude Include="CLEYERA\DX\DXDescripter\DXSRVDescripter.h">
      <Filter>ヘッダー ファイル</Filter>
    </ClInclude>
    <ClInclude Include="CLEYERA\DX\DXBarrier\DXBarrier.h">
      <Filter>ヘッダー ファイル</Filter>
    </ClInclude>
    <ClInclude Include="CLEYERA\DX\DXFence\DXFence.h">
      <Filter>ヘッダー ファイル</Filter>
    </ClInclude>
    <ClInclude Include="CLEYERA\DX\DXDescripter\DXDSVDescripter.h">
      <Filter>ヘッダー ファイル</Filter>
    </ClInclude>
    <ClInclude Include="CLEYERA\DX\DXDepth\DXDepth.h">
      <Filter>ヘッダー ファイル</Filter>
    </ClInclude>
    <ClInclude Include="CLEYERA\3d\Vertex\Vertex.h">
      <Filter>ヘッダー ファイル</Filter>
    </ClInclude>
  </ItemGroup>
  <ItemGroup>
    <None Include=".clang-format" />
  </ItemGroup>
</Project>