
Microsoft Visual Studio Solution File, Format Version 12.00
# Visual Studio Version 17
VisualStudioVersion = 17.12.35514.174
MinimumVisualStudioVersion = 10.0.40219.1
Project("{8BC9CEB8-8B4A-11D0-8D11-00A0C91BC942}") = "GameEngine", "GameEngine.vcxproj", "{DEF99086-66FF-4484-9F12-2BDC40A448F3}"
EndProject
Project("{8BC9CEB8-8B4A-11D0-8D11-00A0C91BC942}") = "ImGui", "..\ImGui\ImGui.vcxproj", "{9C38D001-D527-47B8-B1C0-E1F9A62B5E42}"
EndProject
Project("{8BC9CEB8-8B4A-11D0-8D11-00A0C91BC942}") = "Math", "..\Math\Math.vcxproj", "{98573C11-ED56-44A2-9517-CBD8C1F06B2B}"
EndProject
Project("{8BC9CEB8-8B4A-11D0-8D11-00A0C91BC942}") = "DirectXTex", "..\Externals\DirectXTex\DirectXTex\DirectXTex_Desktop_2022_Win10.vcxproj", "{371B9FA9-4C90-4AC6-A123-ACED756D6C77}"
EndProject
Project("{8BC9CEB8-8B4A-11D0-8D11-00A0C91BC942}") = "Engine", "..\Engine\Engine.vcxproj", "{1F9F37DB-2D3F-4F92-A351-C2AE4A449FB5}"
EndProject
Global
	GlobalSection(SolutionConfigurationPlatforms) = preSolution
		Debug|x64 = Debug|x64
		Debug|x86 = Debug|x86
		Release|x64 = Release|x64
		Release|x86 = Release|x86
	EndGlobalSection
	GlobalSection(ProjectConfigurationPlatforms) = postSolution
		{DEF99086-66FF-4484-9F12-2BDC40A448F3}.Debug|x64.ActiveCfg = Debug|x64
		{DEF99086-66FF-4484-9F12-2BDC40A448F3}.Debug|x64.Build.0 = Debug|x64
		{DEF99086-66FF-4484-9F12-2BDC40A448F3}.Debug|x86.ActiveCfg = Debug|Win32
		{DEF99086-66FF-4484-9F12-2BDC40A448F3}.Debug|x86.Build.0 = Debug|Win32
		{DEF99086-66FF-4484-9F12-2BDC40A448F3}.Release|x64.ActiveCfg = Release|x64
		{DEF99086-66FF-4484-9F12-2BDC40A448F3}.Release|x64.Build.0 = Release|x64
		{DEF99086-66FF-4484-9F12-2BDC40A448F3}.Release|x86.ActiveCfg = Release|Win32
		{DEF99086-66FF-4484-9F12-2BDC40A448F3}.Release|x86.Build.0 = Release|Win32
		{9C38D001-D527-47B8-B1C0-E1F9A62B5E42}.Debug|x64.ActiveCfg = Debug|x64
		{9C38D001-D527-47B8-B1C0-E1F9A62B5E42}.Debug|x64.Build.0 = Debug|x64
		{9C38D001-D527-47B8-B1C0-E1F9A62B5E42}.Debug|x86.ActiveCfg = Debug|Win32
		{9C38D001-D527-47B8-B1C0-E1F9A62B5E42}.Debug|x86.Build.0 = Debug|Win32
		{9C38D001-D527-47B8-B1C0-E1F9A62B5E42}.Release|x64.ActiveCfg = Release|x64
		{9C38D001-D527-47B8-B1C0-E1F9A62B5E42}.Release|x64.Build.0 = Release|x64
		{9C38D001-D527-47B8-B1C0-E1F9A62B5E42}.Release|x86.ActiveCfg = Release|Win32
		{9C38D001-D527-47B8-B1C0-E1F9A62B5E42}.Release|x86.Build.0 = Release|Win32
		{98573C11-ED56-44A2-9517-CBD8C1F06B2B}.Debug|x64.ActiveCfg = Debug|x64
		{98573C11-ED56-44A2-9517-CBD8C1F06B2B}.Debug|x64.Build.0 = Debug|x64
		{98573C11-ED56-44A2-9517-CBD8C1F06B2B}.Debug|x86.ActiveCfg = Debug|Win32
		{98573C11-ED56-44A2-9517-CBD8C1F06B2B}.Debug|x86.Build.0 = Debug|Win32
		{98573C11-ED56-44A2-9517-CBD8C1F06B2B}.Release|x64.ActiveCfg = Release|x64
		{98573C11-ED56-44A2-9517-CBD8C1F06B2B}.Release|x64.Build.0 = Release|x64
		{98573C11-ED56-44A2-9517-CBD8C1F06B2B}.Release|x86.ActiveCfg = Release|Win32
		{98573C11-ED56-44A2-9517-CBD8C1F06B2B}.Release|x86.Build.0 = Release|Win32
		{371B9FA9-4C90-4AC6-A123-ACED756D6C77}.Debug|x64.ActiveCfg = Debug|x64
		{371B9FA9-4C90-4AC6-A123-ACED756D6C77}.Debug|x64.Build.0 = Debug|x64
		{371B9FA9-4C90-4AC6-A123-ACED756D6C77}.Debug|x86.ActiveCfg = Debug|Win32
		{371B9FA9-4C90-4AC6-A123-ACED756D6C77}.Debug|x86.Build.0 = Debug|Win32
		{371B9FA9-4C90-4AC6-A123-ACED756D6C77}.Release|x64.ActiveCfg = Release|x64
		{371B9FA9-4C90-4AC6-A123-ACED756D6C77}.Release|x64.Build.0 = Release|x64
		{371B9FA9-4C90-4AC6-A123-ACED756D6C77}.Release|x86.ActiveCfg = Release|Win32
		{371B9FA9-4C90-4AC6-A123-ACED756D6C77}.Release|x86.Build.0 = Release|Win32
		{1F9F37DB-2D3F-4F92-A351-C2AE4A449FB5}.Debug|x64.ActiveCfg = Debug|x64
		{1F9F37DB-2D3F-4F92-A351-C2AE4A449FB5}.Debug|x64.Build.0 = Debug|x64
		{1F9F37DB-2D3F-4F92-A351-C2AE4A449FB5}.Debug|x86.ActiveCfg = Debug|Win32
		{1F9F37DB-2D3F-4F92-A351-C2AE4A449FB5}.Debug|x86.Build.0 = Debug|Win32
		{1F9F37DB-2D3F-4F92-A351-C2AE4A449FB5}.Release|x64.ActiveCfg = Release|x64
		{1F9F37DB-2D3F-4F92-A351-C2AE4A449FB5}.Release|x64.Build.0 = Release|x64
		{1F9F37DB-2D3F-4F92-A351-C2AE4A449FB5}.Release|x86.ActiveCfg = Release|Win32
		{1F9F37DB-2D3F-4F92-A351-C2AE4A449FB5}.Release|x86.Build.0 = Release|Win32
	EndGlobalSection
	GlobalSection(SolutionProperties) = preSolution
		HideSolutionNode = FALSE
	EndGlobalSection
	GlobalSection(ExtensibilityGlobals) = postSolution
		SolutionGuid = {F78736D5-907B-47C2-96BD-5D9FE6BBB237}
	EndGlobalSection
EndGlobal
